// !$*UTF8*$!
{
	archiveVersion = 1;
	classes = {
	};
	objectVersion = 55;
	objects = {

/* Begin PBXBuildFile section */
		5071819A2773311C00B66018 /* CardCollectionViewCell.swift in Sources */ = {isa = PBXBuildFile; fileRef = 507181992773311C00B66018 /* CardCollectionViewCell.swift */; };
		50AA28CF2771D7C900435CF1 /* AppDelegate.swift in Sources */ = {isa = PBXBuildFile; fileRef = 50AA28CE2771D7C900435CF1 /* AppDelegate.swift */; };
		50AA28D12771D7C900435CF1 /* SceneDelegate.swift in Sources */ = {isa = PBXBuildFile; fileRef = 50AA28D02771D7C900435CF1 /* SceneDelegate.swift */; };
		50AA28D32771D7C900435CF1 /* ViewController.swift in Sources */ = {isa = PBXBuildFile; fileRef = 50AA28D22771D7C900435CF1 /* ViewController.swift */; };
		50AA28D62771D7C900435CF1 /* Main.storyboard in Resources */ = {isa = PBXBuildFile; fileRef = 50AA28D42771D7C900435CF1 /* Main.storyboard */; };
		50AA28D82771D7C900435CF1 /* Assets.xcassets in Resources */ = {isa = PBXBuildFile; fileRef = 50AA28D72771D7C900435CF1 /* Assets.xcassets */; };
		50AA28DB2771D7C900435CF1 /* LaunchScreen.storyboard in Resources */ = {isa = PBXBuildFile; fileRef = 50AA28D92771D7C900435CF1 /* LaunchScreen.storyboard */; };
		50AA28E62771D7C900435CF1 /* collectionDecorationTests.swift in Sources */ = {isa = PBXBuildFile; fileRef = 50AA28E52771D7C900435CF1 /* collectionDecorationTests.swift */; };
		50AA28F02771D7C900435CF1 /* collectionDecorationUITests.swift in Sources */ = {isa = PBXBuildFile; fileRef = 50AA28EF2771D7C900435CF1 /* collectionDecorationUITests.swift */; };
		50AA28F22771D7C900435CF1 /* collectionDecorationUITestsLaunchTests.swift in Sources */ = {isa = PBXBuildFile; fileRef = 50AA28F12771D7C900435CF1 /* collectionDecorationUITestsLaunchTests.swift */; };
		50AA29012771EBA400435CF1 /* CardModel.swift in Sources */ = {isa = PBXBuildFile; fileRef = 50AA29002771EBA400435CF1 /* CardModel.swift */; };
		50AA29032771ECE600435CF1 /* Card.swift in Sources */ = {isa = PBXBuildFile; fileRef = 50AA29022771ECE600435CF1 /* Card.swift */; };
/* End PBXBuildFile section */

/* Begin PBXContainerItemProxy section */
		50AA28E22771D7C900435CF1 /* PBXContainerItemProxy */ = {
			isa = PBXContainerItemProxy;
			containerPortal = 50AA28C32771D7C900435CF1 /* Project object */;
			proxyType = 1;
			remoteGlobalIDString = 50AA28CA2771D7C900435CF1;
			remoteInfo = collectionDecoration;
		};
		50AA28EC2771D7C900435CF1 /* PBXContainerItemProxy */ = {
			isa = PBXContainerItemProxy;
			containerPortal = 50AA28C32771D7C900435CF1 /* Project object */;
			proxyType = 1;
			remoteGlobalIDString = 50AA28CA2771D7C900435CF1;
			remoteInfo = collectionDecoration;
		};
/* End PBXContainerItemProxy section */

/* Begin PBXFileReference section */
		507181992773311C00B66018 /* CardCollectionViewCell.swift */ = {isa = PBXFileReference; lastKnownFileType = sourcecode.swift; path = CardCollectionViewCell.swift; sourceTree = "<group>"; };
		50AA28CB2771D7C900435CF1 /* collectionDecoration.app */ = {isa = PBXFileReference; explicitFileType = wrapper.application; includeInIndex = 0; path = collectionDecoration.app; sourceTree = BUILT_PRODUCTS_DIR; };
		50AA28CE2771D7C900435CF1 /* AppDelegate.swift */ = {isa = PBXFileReference; lastKnownFileType = sourcecode.swift; path = AppDelegate.swift; sourceTree = "<group>"; };
		50AA28D02771D7C900435CF1 /* SceneDelegate.swift */ = {isa = PBXFileReference; lastKnownFileType = sourcecode.swift; path = SceneDelegate.swift; sourceTree = "<group>"; };
		50AA28D22771D7C900435CF1 /* ViewController.swift */ = {isa = PBXFileReference; lastKnownFileType = sourcecode.swift; path = ViewController.swift; sourceTree = "<group>"; };
		50AA28D52771D7C900435CF1 /* Base */ = {isa = PBXFileReference; lastKnownFileType = file.storyboard; name = Base; path = Base.lproj/Main.storyboard; sourceTree = "<group>"; };
		50AA28D72771D7C900435CF1 /* Assets.xcassets */ = {isa = PBXFileReference; lastKnownFileType = folder.assetcatalog; path = Assets.xcassets; sourceTree = "<group>"; };
		50AA28DA2771D7C900435CF1 /* Base */ = {isa = PBXFileReference; lastKnownFileType = file.storyboard; name = Base; path = Base.lproj/LaunchScreen.storyboard; sourceTree = "<group>"; };
		50AA28DC2771D7C900435CF1 /* Info.plist */ = {isa = PBXFileReference; lastKnownFileType = text.plist.xml; path = Info.plist; sourceTree = "<group>"; };
		50AA28E12771D7C900435CF1 /* collectionDecorationTests.xctest */ = {isa = PBXFileReference; explicitFileType = wrapper.cfbundle; includeInIndex = 0; path = collectionDecorationTests.xctest; sourceTree = BUILT_PRODUCTS_DIR; };
		50AA28E52771D7C900435CF1 /* collectionDecorationTests.swift */ = {isa = PBXFileReference; lastKnownFileType = sourcecode.swift; path = collectionDecorationTests.swift; sourceTree = "<group>"; };
		50AA28EB2771D7C900435CF1 /* collectionDecorationUITests.xctest */ = {isa = PBXFileReference; explicitFileType = wrapper.cfbundle; includeInIndex = 0; path = collectionDecorationUITests.xctest; sourceTree = BUILT_PRODUCTS_DIR; };
		50AA28EF2771D7C900435CF1 /* collectionDecorationUITests.swift */ = {isa = PBXFileReference; lastKnownFileType = sourcecode.swift; path = collectionDecorationUITests.swift; sourceTree = "<group>"; };
		50AA28F12771D7C900435CF1 /* collectionDecorationUITestsLaunchTests.swift */ = {isa = PBXFileReference; lastKnownFileType = sourcecode.swift; path = collectionDecorationUITestsLaunchTests.swift; sourceTree = "<group>"; };
		50AA29002771EBA400435CF1 /* CardModel.swift */ = {isa = PBXFileReference; lastKnownFileType = sourcecode.swift; path = CardModel.swift; sourceTree = "<group>"; };
		50AA29022771ECE600435CF1 /* Card.swift */ = {isa = PBXFileReference; lastKnownFileType = sourcecode.swift; path = Card.swift; sourceTree = "<group>"; };
/* End PBXFileReference section */

/* Begin PBXFrameworksBuildPhase section */
		50AA28C82771D7C900435CF1 /* Frameworks */ = {
			isa = PBXFrameworksBuildPhase;
			buildActionMask = 2147483647;
			files = (
			);
			runOnlyForDeploymentPostprocessing = 0;
		};
		50AA28DE2771D7C900435CF1 /* Frameworks */ = {
			isa = PBXFrameworksBuildPhase;
			buildActionMask = 2147483647;
			files = (
			);
			runOnlyForDeploymentPostprocessing = 0;
		};
		50AA28E82771D7C900435CF1 /* Frameworks */ = {
			isa = PBXFrameworksBuildPhase;
			buildActionMask = 2147483647;
			files = (
			);
			runOnlyForDeploymentPostprocessing = 0;
		};
/* End PBXFrameworksBuildPhase section */

/* Begin PBXGroup section */
		50AA28C22771D7C900435CF1 = {
			isa = PBXGroup;
			children = (
				50AA28CD2771D7C900435CF1 /* collectionDecoration */,
				50AA28E42771D7C900435CF1 /* collectionDecorationTests */,
				50AA28EE2771D7C900435CF1 /* collectionDecorationUITests */,
				50AA28CC2771D7C900435CF1 /* Products */,
			);
			sourceTree = "<group>";
		};
		50AA28CC2771D7C900435CF1 /* Products */ = {
			isa = PBXGroup;
			children = (
				50AA28CB2771D7C900435CF1 /* collectionDecoration.app */,
				50AA28E12771D7C900435CF1 /* collectionDecorationTests.xctest */,
				50AA28EB2771D7C900435CF1 /* collectionDecorationUITests.xctest */,
			);
			name = Products;
			sourceTree = "<group>";
		};
		50AA28CD2771D7C900435CF1 /* collectionDecoration */ = {
			isa = PBXGroup;
			children = (
				50AA28CE2771D7C900435CF1 /* AppDelegate.swift */,
				50AA28D02771D7C900435CF1 /* SceneDelegate.swift */,
				50AA28D22771D7C900435CF1 /* ViewController.swift */,
				507181992773311C00B66018 /* CardCollectionViewCell.swift */,
				50AA29022771ECE600435CF1 /* Card.swift */,
				50AA29002771EBA400435CF1 /* CardModel.swift */,
				50AA28D42771D7C900435CF1 /* Main.storyboard */,
				50AA28D72771D7C900435CF1 /* Assets.xcassets */,
				50AA28D92771D7C900435CF1 /* LaunchScreen.storyboard */,
				50AA28DC2771D7C900435CF1 /* Info.plist */,
			);
			path = collectionDecoration;
			sourceTree = "<group>";
		};
		50AA28E42771D7C900435CF1 /* collectionDecorationTests */ = {
			isa = PBXGroup;
			children = (
				50AA28E52771D7C900435CF1 /* collectionDecorationTests.swift */,
			);
			path = collectionDecorationTests;
			sourceTree = "<group>";
		};
		50AA28EE2771D7C900435CF1 /* collectionDecorationUITests */ = {
			isa = PBXGroup;
			children = (
				50AA28EF2771D7C900435CF1 /* collectionDecorationUITests.swift */,
				50AA28F12771D7C900435CF1 /* collectionDecorationUITestsLaunchTests.swift */,
			);
			path = collectionDecorationUITests;
			sourceTree = "<group>";
		};
/* End PBXGroup section */

/* Begin PBXNativeTarget section */
		50AA28CA2771D7C900435CF1 /* collectionDecoration */ = {
			isa = PBXNativeTarget;
			buildConfigurationList = 50AA28F52771D7C900435CF1 /* Build configuration list for PBXNativeTarget "collectionDecoration" */;
			buildPhases = (
				50AA28C72771D7C900435CF1 /* Sources */,
				50AA28C82771D7C900435CF1 /* Frameworks */,
				50AA28C92771D7C900435CF1 /* Resources */,
			);
			buildRules = (
			);
			dependencies = (
			);
			name = collectionDecoration;
			productName = collectionDecoration;
			productReference = 50AA28CB2771D7C900435CF1 /* collectionDecoration.app */;
			productType = "com.apple.product-type.application";
		};
		50AA28E02771D7C900435CF1 /* collectionDecorationTests */ = {
			isa = PBXNativeTarget;
			buildConfigurationList = 50AA28F82771D7C900435CF1 /* Build configuration list for PBXNativeTarget "collectionDecorationTests" */;
			buildPhases = (
				50AA28DD2771D7C900435CF1 /* Sources */,
				50AA28DE2771D7C900435CF1 /* Frameworks */,
				50AA28DF2771D7C900435CF1 /* Resources */,
			);
			buildRules = (
			);
			dependencies = (
				50AA28E32771D7C900435CF1 /* PBXTargetDependency */,
			);
			name = collectionDecorationTests;
			productName = collectionDecorationTests;
			productReference = 50AA28E12771D7C900435CF1 /* collectionDecorationTests.xctest */;
			productType = "com.apple.product-type.bundle.unit-test";
		};
		50AA28EA2771D7C900435CF1 /* collectionDecorationUITests */ = {
			isa = PBXNativeTarget;
			buildConfigurationList = 50AA28FB2771D7C900435CF1 /* Build configuration list for PBXNativeTarget "collectionDecorationUITests" */;
			buildPhases = (
				50AA28E72771D7C900435CF1 /* Sources */,
				50AA28E82771D7C900435CF1 /* Frameworks */,
				50AA28E92771D7C900435CF1 /* Resources */,
			);
			buildRules = (
			);
			dependencies = (
				50AA28ED2771D7C900435CF1 /* PBXTargetDependency */,
			);
			name = collectionDecorationUITests;
			productName = collectionDecorationUITests;
			productReference = 50AA28EB2771D7C900435CF1 /* collectionDecorationUITests.xctest */;
			productType = "com.apple.product-type.bundle.ui-testing";
		};
/* End PBXNativeTarget section */

/* Begin PBXProject section */
		50AA28C32771D7C900435CF1 /* Project object */ = {
			isa = PBXProject;
			attributes = {
				BuildIndependentTargetsInParallel = 1;
				LastSwiftUpdateCheck = 1320;
				LastUpgradeCheck = 1320;
				TargetAttributes = {
					50AA28CA2771D7C900435CF1 = {
						CreatedOnToolsVersion = 13.2;
					};
					50AA28E02771D7C900435CF1 = {
						CreatedOnToolsVersion = 13.2;
						TestTargetID = 50AA28CA2771D7C900435CF1;
					};
					50AA28EA2771D7C900435CF1 = {
						CreatedOnToolsVersion = 13.2;
						TestTargetID = 50AA28CA2771D7C900435CF1;
					};
				};
			};
			buildConfigurationList = 50AA28C62771D7C900435CF1 /* Build configuration list for PBXProject "collectionDecoration" */;
			compatibilityVersion = "Xcode 13.0";
			developmentRegion = en;
			hasScannedForEncodings = 0;
			knownRegions = (
				en,
				Base,
			);
			mainGroup = 50AA28C22771D7C900435CF1;
			productRefGroup = 50AA28CC2771D7C900435CF1 /* Products */;
			projectDirPath = "";
			projectRoot = "";
			targets = (
				50AA28CA2771D7C900435CF1 /* collectionDecoration */,
				50AA28E02771D7C900435CF1 /* collectionDecorationTests */,
				50AA28EA2771D7C900435CF1 /* collectionDecorationUITests */,
			);
		};
/* End PBXProject section */

/* Begin PBXResourcesBuildPhase section */
		50AA28C92771D7C900435CF1 /* Resources */ = {
			isa = PBXResourcesBuildPhase;
			buildActionMask = 2147483647;
			files = (
				50AA28DB2771D7C900435CF1 /* LaunchScreen.storyboard in Resources */,
				50AA28D82771D7C900435CF1 /* Assets.xcassets in Resources */,
				50AA28D62771D7C900435CF1 /* Main.storyboard in Resources */,
			);
			runOnlyForDeploymentPostprocessing = 0;
		};
		50AA28DF2771D7C900435CF1 /* Resources */ = {
			isa = PBXResourcesBuildPhase;
			buildActionMask = 2147483647;
			files = (
			);
			runOnlyForDeploymentPostprocessing = 0;
		};
		50AA28E92771D7C900435CF1 /* Resources */ = {
			isa = PBXResourcesBuildPhase;
			buildActionMask = 2147483647;
			files = (
			);
			runOnlyForDeploymentPostprocessing = 0;
		};
/* End PBXResourcesBuildPhase section */

/* Begin PBXSourcesBuildPhase section */
		50AA28C72771D7C900435CF1 /* Sources */ = {
			isa = PBXSourcesBuildPhase;
			buildActionMask = 2147483647;
			files = (
				50AA28D32771D7C900435CF1 /* ViewController.swift in Sources */,
				50AA29012771EBA400435CF1 /* CardModel.swift in Sources */,
				50AA29032771ECE600435CF1 /* Card.swift in Sources */,
				50AA28CF2771D7C900435CF1 /* AppDelegate.swift in Sources */,
				5071819A2773311C00B66018 /* CardCollectionViewCell.swift in Sources */,
				50AA28D12771D7C900435CF1 /* SceneDelegate.swift in Sources */,
			);
			runOnlyForDeploymentPostprocessing = 0;
		};
		50AA28DD2771D7C900435CF1 /* Sources */ = {
			isa = PBXSourcesBuildPhase;
			buildActionMask = 2147483647;
			files = (
				50AA28E62771D7C900435CF1 /* collectionDecorationTests.swift in Sources */,
			);
			runOnlyForDeploymentPostprocessing = 0;
		};
		50AA28E72771D7C900435CF1 /* Sources */ = {
			isa = PBXSourcesBuildPhase;
			buildActionMask = 2147483647;
			files = (
				50AA28F22771D7C900435CF1 /* collectionDecorationUITestsLaunchTests.swift in Sources */,
				50AA28F02771D7C900435CF1 /* collectionDecorationUITests.swift in Sources */,
			);
			runOnlyForDeploymentPostprocessing = 0;
		};
/* End PBXSourcesBuildPhase section */

/* Begin PBXTargetDependency section */
		50AA28E32771D7C900435CF1 /* PBXTargetDependency */ = {
			isa = PBXTargetDependency;
			target = 50AA28CA2771D7C900435CF1 /* collectionDecoration */;
			targetProxy = 50AA28E22771D7C900435CF1 /* PBXContainerItemProxy */;
		};
		50AA28ED2771D7C900435CF1 /* PBXTargetDependency */ = {
			isa = PBXTargetDependency;
			target = 50AA28CA2771D7C900435CF1 /* collectionDecoration */;
			targetProxy = 50AA28EC2771D7C900435CF1 /* PBXContainerItemProxy */;
		};
/* End PBXTargetDependency section */

/* Begin PBXVariantGroup section */
		50AA28D42771D7C900435CF1 /* Main.storyboard */ = {
			isa = PBXVariantGroup;
			children = (
				50AA28D52771D7C900435CF1 /* Base */,
			);
			name = Main.storyboard;
			sourceTree = "<group>";
		};
		50AA28D92771D7C900435CF1 /* LaunchScreen.storyboard */ = {
			isa = PBXVariantGroup;
			children = (
				50AA28DA2771D7C900435CF1 /* Base */,
			);
			name = LaunchScreen.storyboard;
			sourceTree = "<group>";
		};
/* End PBXVariantGroup section */

/* Begin XCBuildConfiguration section */
		50AA28F32771D7C900435CF1 /* Debug */ = {
			isa = XCBuildConfiguration;
			buildSettings = {
				ALWAYS_SEARCH_USER_PATHS = NO;
				CLANG_ANALYZER_NONNULL = YES;
				CLANG_ANALYZER_NUMBER_OBJECT_CONVERSION = YES_AGGRESSIVE;
				CLANG_CXX_LANGUAGE_STANDARD = "gnu++17";
				CLANG_CXX_LIBRARY = "libc++";
				CLANG_ENABLE_MODULES = YES;
				CLANG_ENABLE_OBJC_ARC = YES;
				CLANG_ENABLE_OBJC_WEAK = YES;
				CLANG_WARN_BLOCK_CAPTURE_AUTORELEASING = YES;
				CLANG_WARN_BOOL_CONVERSION = YES;
				CLANG_WARN_COMMA = YES;
				CLANG_WARN_CONSTANT_CONVERSION = YES;
				CLANG_WARN_DEPRECATED_OBJC_IMPLEMENTATIONS = YES;
				CLANG_WARN_DIRECT_OBJC_ISA_USAGE = YES_ERROR;
				CLANG_WARN_DOCUMENTATION_COMMENTS = YES;
				CLANG_WARN_EMPTY_BODY = YES;
				CLANG_WARN_ENUM_CONVERSION = YES;
				CLANG_WARN_INFINITE_RECURSION = YES;
				CLANG_WARN_INT_CONVERSION = YES;
				CLANG_WARN_NON_LITERAL_NULL_CONVERSION = YES;
				CLANG_WARN_OBJC_IMPLICIT_RETAIN_SELF = YES;
				CLANG_WARN_OBJC_LITERAL_CONVERSION = YES;
				CLANG_WARN_OBJC_ROOT_CLASS = YES_ERROR;
				CLANG_WARN_QUOTED_INCLUDE_IN_FRAMEWORK_HEADER = YES;
				CLANG_WARN_RANGE_LOOP_ANALYSIS = YES;
				CLANG_WARN_STRICT_PROTOTYPES = YES;
				CLANG_WARN_SUSPICIOUS_MOVE = YES;
				CLANG_WARN_UNGUARDED_AVAILABILITY = YES_AGGRESSIVE;
				CLANG_WARN_UNREACHABLE_CODE = YES;
				CLANG_WARN__DUPLICATE_METHOD_MATCH = YES;
				COPY_PHASE_STRIP = NO;
				DEBUG_INFORMATION_FORMAT = dwarf;
				ENABLE_STRICT_OBJC_MSGSEND = YES;
				ENABLE_TESTABILITY = YES;
				GCC_C_LANGUAGE_STANDARD = gnu11;
				GCC_DYNAMIC_NO_PIC = NO;
				GCC_NO_COMMON_BLOCKS = YES;
				GCC_OPTIMIZATION_LEVEL = 0;
				GCC_PREPROCESSOR_DEFINITIONS = (
					"DEBUG=1",
					"$(inherited)",
				);
				GCC_WARN_64_TO_32_BIT_CONVERSION = YES;
				GCC_WARN_ABOUT_RETURN_TYPE = YES_ERROR;
				GCC_WARN_UNDECLARED_SELECTOR = YES;
				GCC_WARN_UNINITIALIZED_AUTOS = YES_AGGRESSIVE;
				GCC_WARN_UNUSED_FUNCTION = YES;
				GCC_WARN_UNUSED_VARIABLE = YES;
				IPHONEOS_DEPLOYMENT_TARGET = 15.2;
				MTL_ENABLE_DEBUG_INFO = INCLUDE_SOURCE;
				MTL_FAST_MATH = YES;
				ONLY_ACTIVE_ARCH = YES;
				SDKROOT = iphoneos;
				SWIFT_ACTIVE_COMPILATION_CONDITIONS = DEBUG;
				SWIFT_OPTIMIZATION_LEVEL = "-Onone";
			};
			name = Debug;
		};
		50AA28F42771D7C900435CF1 /* Release */ = {
			isa = XCBuildConfiguration;
			buildSettings = {
				ALWAYS_SEARCH_USER_PATHS = NO;
				CLANG_ANALYZER_NONNULL = YES;
				CLANG_ANALYZER_NUMBER_OBJECT_CONVERSION = YES_AGGRESSIVE;
				CLANG_CXX_LANGUAGE_STANDARD = "gnu++17";
				CLANG_CXX_LIBRARY = "libc++";
				CLANG_ENABLE_MODULES = YES;
				CLANG_ENABLE_OBJC_ARC = YES;
				CLANG_ENABLE_OBJC_WEAK = YES;
				CLANG_WARN_BLOCK_CAPTURE_AUTORELEASING = YES;
				CLANG_WARN_BOOL_CONVERSION = YES;
				CLANG_WARN_COMMA = YES;
				CLANG_WARN_CONSTANT_CONVERSION = YES;
				CLANG_WARN_DEPRECATED_OBJC_IMPLEMENTATIONS = YES;
				CLANG_WARN_DIRECT_OBJC_ISA_USAGE = YES_ERROR;
				CLANG_WARN_DOCUMENTATION_COMMENTS = YES;
				CLANG_WARN_EMPTY_BODY = YES;
				CLANG_WARN_ENUM_CONVERSION = YES;
				CLANG_WARN_INFINITE_RECURSION = YES;
				CLANG_WARN_INT_CONVERSION = YES;
				CLANG_WARN_NON_LITERAL_NULL_CONVERSION = YES;
				CLANG_WARN_OBJC_IMPLICIT_RETAIN_SELF = YES;
				CLANG_WARN_OBJC_LITERAL_CONVERSION = YES;
				CLANG_WARN_OBJC_ROOT_CLASS = YES_ERROR;
				CLANG_WARN_QUOTED_INCLUDE_IN_FRAMEWORK_HEADER = YES;
				CLANG_WARN_RANGE_LOOP_ANALYSIS = YES;
				CLANG_WARN_STRICT_PROTOTYPES = YES;
				CLANG_WARN_SUSPICIOUS_MOVE = YES;
				CLANG_WARN_UNGUARDED_AVAILABILITY = YES_AGGRESSIVE;
				CLANG_WARN_UNREACHABLE_CODE = YES;
				CLANG_WARN__DUPLICATE_METHOD_MATCH = YES;
				COPY_PHASE_STRIP = NO;
				DEBUG_INFORMATION_FORMAT = "dwarf-with-dsym";
				ENABLE_NS_ASSERTIONS = NO;
				ENABLE_STRICT_OBJC_MSGSEND = YES;
				GCC_C_LANGUAGE_STANDARD = gnu11;
				GCC_NO_COMMON_BLOCKS = YES;
				GCC_WARN_64_TO_32_BIT_CONVERSION = YES;
				GCC_WARN_ABOUT_RETURN_TYPE = YES_ERROR;
				GCC_WARN_UNDECLARED_SELECTOR = YES;
				GCC_WARN_UNINITIALIZED_AUTOS = YES_AGGRESSIVE;
				GCC_WARN_UNUSED_FUNCTION = YES;
				GCC_WARN_UNUSED_VARIABLE = YES;
				IPHONEOS_DEPLOYMENT_TARGET = 15.2;
				MTL_ENABLE_DEBUG_INFO = NO;
				MTL_FAST_MATH = YES;
				SDKROOT = iphoneos;
				SWIFT_COMPILATION_MODE = wholemodule;
				SWIFT_OPTIMIZATION_LEVEL = "-O";
				VALIDATE_PRODUCT = YES;
			};
			name = Release;
		};
		50AA28F62771D7C900435CF1 /* Debug */ = {
			isa = XCBuildConfiguration;
			buildSettings = {
				ASSETCATALOG_COMPILER_APPICON_NAME = AppIcon;
				ASSETCATALOG_COMPILER_GLOBAL_ACCENT_COLOR_NAME = AccentColor;
				CODE_SIGN_STYLE = Automatic;
				CURRENT_PROJECT_VERSION = 1;
				DEVELOPMENT_TEAM = 4P36K59UYW;
				GENERATE_INFOPLIST_FILE = YES;
				INFOPLIST_FILE = collectionDecoration/Info.plist;
				INFOPLIST_KEY_UIApplicationSupportsIndirectInputEvents = YES;
				INFOPLIST_KEY_UILaunchStoryboardName = LaunchScreen;
				INFOPLIST_KEY_UIMainStoryboardFile = Main;
				INFOPLIST_KEY_UISupportedInterfaceOrientations_iPad = "UIInterfaceOrientationPortrait UIInterfaceOrientationPortraitUpsideDown UIInterfaceOrientationLandscapeLeft UIInterfaceOrientationLandscapeRight";
				INFOPLIST_KEY_UISupportedInterfaceOrientations_iPhone = "UIInterfaceOrientationPortrait UIInterfaceOrientationLandscapeLeft UIInterfaceOrientationLandscapeRight";
				LD_RUNPATH_SEARCH_PATHS = (
					"$(inherited)",
					"@executable_path/Frameworks",
				);
				MARKETING_VERSION = 1.0;
				PRODUCT_BUNDLE_IDENTIFIER = kikikakakoko.collectionDecoration;
				PRODUCT_NAME = "$(TARGET_NAME)";
				SWIFT_EMIT_LOC_STRINGS = YES;
				SWIFT_VERSION = 5.0;
				TARGETED_DEVICE_FAMILY = "1,2";
			};
			name = Debug;
		};
		50AA28F72771D7C900435CF1 /* Release */ = {
			isa = XCBuildConfiguration;
			buildSettings = {
				ASSETCATALOG_COMPILER_APPICON_NAME = AppIcon;
				ASSETCATALOG_COMPILER_GLOBAL_ACCENT_COLOR_NAME = AccentColor;
				CODE_SIGN_STYLE = Automatic;
				CURRENT_PROJECT_VERSION = 1;
				DEVELOPMENT_TEAM = 4P36K59UYW;
				GENERATE_INFOPLIST_FILE = YES;
				INFOPLIST_FILE = collectionDecoration/Info.plist;
				INFOPLIST_KEY_UIApplicationSupportsIndirectInputEvents = YES;
				INFOPLIST_KEY_UILaunchStoryboardName = LaunchScreen;
				INFOPLIST_KEY_UIMainStoryboardFile = Main;
				INFOPLIST_KEY_UISupportedInterfaceOrientations_iPad = "UIInterfaceOrientationPortrait UIInterfaceOrientationPortraitUpsideDown UIInterfaceOrientationLandscapeLeft UIInterfaceOrientationLandscapeRight";
				INFOPLIST_KEY_UISupportedInterfaceOrientations_iPhone = "UIInterfaceOrientationPortrait UIInterfaceOrientationLandscapeLeft UIInterfaceOrientationLandscapeRight";
				LD_RUNPATH_SEARCH_PATHS = (
					"$(inherited)",
					"@executable_path/Frameworks",
				);
				MARKETING_VERSION = 1.0;
				PRODUCT_BUNDLE_IDENTIFIER = kikikakakoko.collectionDecoration;
				PRODUCT_NAME = "$(TARGET_NAME)";
				SWIFT_EMIT_LOC_STRINGS = YES;
				SWIFT_VERSION = 5.0;
				TARGETED_DEVICE_FAMILY = "1,2";
			};
			name = Release;
		};
		50AA28F92771D7C900435CF1 /* Debug */ = {
			isa = XCBuildConfiguration;
			buildSettings = {
				ALWAYS_EMBED_SWIFT_STANDARD_LIBRARIES = YES;
				BUNDLE_LOADER = "$(TEST_HOST)";
				CODE_SIGN_STYLE = Automatic;
				CURRENT_PROJECT_VERSION = 1;
				GENERATE_INFOPLIST_FILE = YES;
				IPHONEOS_DEPLOYMENT_TARGET = 15.2;
				MARKETING_VERSION = 1.0;
				PRODUCT_BUNDLE_IDENTIFIER = kikikakakoko.collectionDecorationTests;
				PRODUCT_NAME = "$(TARGET_NAME)";
				SWIFT_EMIT_LOC_STRINGS = NO;
				SWIFT_VERSION = 5.0;
				TARGETED_DEVICE_FAMILY = "1,2";
				TEST_HOST = "$(BUILT_PRODUCTS_DIR)/collectionDecoration.app/collectionDecoration";
			};
			name = Debug;
		};
		50AA28FA2771D7C900435CF1 /* Release */ = {
			isa = XCBuildConfiguration;
			buildSettings = {
				ALWAYS_EMBED_SWIFT_STANDARD_LIBRARIES = YES;
				BUNDLE_LOADER = "$(TEST_HOST)";
				CODE_SIGN_STYLE = Automatic;
				CURRENT_PROJECT_VERSION = 1;
				GENERATE_INFOPLIST_FILE = YES;
				IPHONEOS_DEPLOYMENT_TARGET = 15.2;
				MARKETING_VERSION = 1.0;
				PRODUCT_BUNDLE_IDENTIFIER = kikikakakoko.collectionDecorationTests;
				PRODUCT_NAME = "$(TARGET_NAME)";
				SWIFT_EMIT_LOC_STRINGS = NO;
				SWIFT_VERSION = 5.0;
				TARGETED_DEVICE_FAMILY = "1,2";
				TEST_HOST = "$(BUILT_PRODUCTS_DIR)/collectionDecoration.app/collectionDecoration";
			};
			name = Release;
		};
		50AA28FC2771D7C900435CF1 /* Debug */ = {
			isa = XCBuildConfiguration;
			buildSettings = {
				ALWAYS_EMBED_SWIFT_STANDARD_LIBRARIES = YES;
				CODE_SIGN_STYLE = Automatic;
				CURRENT_PROJECT_VERSION = 1;
				GENERATE_INFOPLIST_FILE = YES;
				MARKETING_VERSION = 1.0;
				PRODUCT_BUNDLE_IDENTIFIER = kikikakakoko.collectionDecorationUITests;
				PRODUCT_NAME = "$(TARGET_NAME)";
				SWIFT_EMIT_LOC_STRINGS = NO;
				SWIFT_VERSION = 5.0;
				TARGETED_DEVICE_FAMILY = "1,2";
				TEST_TARGET_NAME = collectionDecoration;
			};
			name = Debug;
		};
		50AA28FD2771D7C900435CF1 /* Release */ = {
			isa = XCBuildConfiguration;
			buildSettings = {
				ALWAYS_EMBED_SWIFT_STANDARD_LIBRARIES = YES;
				CODE_SIGN_STYLE = Automatic;
				CURRENT_PROJECT_VERSION = 1;
				GENERATE_INFOPLIST_FILE = YES;
				MARKETING_VERSION = 1.0;
				PRODUCT_BUNDLE_IDENTIFIER = kikikakakoko.collectionDecorationUITests;
				PRODUCT_NAME = "$(TARGET_NAME)";
				SWIFT_EMIT_LOC_STRINGS = NO;
				SWIFT_VERSION = 5.0;
				TARGETED_DEVICE_FAMILY = "1,2";
				TEST_TARGET_NAME = collectionDecoration;
			};
			name = Release;
		};
/* End XCBuildConfiguration section */

/* Begin XCConfigurationList section */
		50AA28C62771D7C900435CF1 /* Build configuration list for PBXProject "collectionDecoration" */ = {
			isa = XCConfigurationList;
			buildConfigurations = (
				50AA28F32771D7C900435CF1 /* Debug */,
				50AA28F42771D7C900435CF1 /* Release */,
			);
			defaultConfigurationIsVisible = 0;
			defaultConfigurationName = Release;
		};
		50AA28F52771D7C900435CF1 /* Build configuration list for PBXNativeTarget "collectionDecoration" */ = {
			isa = XCConfigurationList;
			buildConfigurations = (
				50AA28F62771D7C900435CF1 /* Debug */,
				50AA28F72771D7C900435CF1 /* Release */,
			);
			defaultConfigurationIsVisible = 0;
			defaultConfigurationName = Release;
		};
		50AA28F82771D7C900435CF1 /* Build configuration list for PBXNativeTarget "collectionDecorationTests" */ = {
			isa = XCConfigurationList;
			buildConfigurations = (
				50AA28F92771D7C900435CF1 /* Debug */,
				50AA28FA2771D7C900435CF1 /* Release */,
			);
			defaultConfigurationIsVisible = 0;
			defaultConfigurationName = Release;
		};
		50AA28FB2771D7C900435CF1 /* Build configuration list for PBXNativeTarget "collectionDecorationUITests" */ = {
			isa = XCConfigurationList;
			buildConfigurations = (
				50AA28FC2771D7C900435CF1 /* Debug */,
				50AA28FD2771D7C900435CF1 /* Release */,
			);
			defaultConfigurationIsVisible = 0;
			defaultConfigurationName = Release;
		};
/* End XCConfigurationList section */
	};
	rootObject = 50AA28C32771D7C900435CF1 /* Project object */;
}
