// !$*UTF8*$!
{
	archiveVersion = 1;
	classes = {
	};
	objectVersion = 55;
	objects = {

/* Begin PBXBuildFile section */
		505D11F3277B1C7300253944 /* AppDelegate.swift in Sources */ = {isa = PBXBuildFile; fileRef = 505D11F2277B1C7300253944 /* AppDelegate.swift */; };
		505D11F5277B1C7300253944 /* SceneDelegate.swift in Sources */ = {isa = PBXBuildFile; fileRef = 505D11F4277B1C7300253944 /* SceneDelegate.swift */; };
		505D11F7277B1C7300253944 /* ViewController.swift in Sources */ = {isa = PBXBuildFile; fileRef = 505D11F6277B1C7300253944 /* ViewController.swift */; };
		505D11FA277B1C7300253944 /* Main.storyboard in Resources */ = {isa = PBXBuildFile; fileRef = 505D11F8277B1C7300253944 /* Main.storyboard */; };
		505D11FC277B1C7500253944 /* Assets.xcassets in Resources */ = {isa = PBXBuildFile; fileRef = 505D11FB277B1C7500253944 /* Assets.xcassets */; };
		505D11FF277B1C7500253944 /* LaunchScreen.storyboard in Resources */ = {isa = PBXBuildFile; fileRef = 505D11FD277B1C7500253944 /* LaunchScreen.storyboard */; };
		505D120A277B1C7500253944 /* VideoTestSizeTests.swift in Sources */ = {isa = PBXBuildFile; fileRef = 505D1209277B1C7500253944 /* VideoTestSizeTests.swift */; };
		505D1214277B1C7500253944 /* VideoTestSizeUITests.swift in Sources */ = {isa = PBXBuildFile; fileRef = 505D1213277B1C7500253944 /* VideoTestSizeUITests.swift */; };
		505D1216277B1C7500253944 /* VideoTestSizeUITestsLaunchTests.swift in Sources */ = {isa = PBXBuildFile; fileRef = 505D1215277B1C7500253944 /* VideoTestSizeUITestsLaunchTests.swift */; };
		505E663E277B4B7E00F4AF15 /* game.mp4 in Resources */ = {isa = PBXBuildFile; fileRef = 505E663D277B4B7E00F4AF15 /* game.mp4 */; };
/* End PBXBuildFile section */

/* Begin PBXContainerItemProxy section */
		505D1206277B1C7500253944 /* PBXContainerItemProxy */ = {
			isa = PBXContainerItemProxy;
			containerPortal = 505D11E7277B1C7300253944 /* Project object */;
			proxyType = 1;
			remoteGlobalIDString = 505D11EE277B1C7300253944;
			remoteInfo = VideoTestSize;
		};
		505D1210277B1C7500253944 /* PBXContainerItemProxy */ = {
			isa = PBXContainerItemProxy;
			containerPortal = 505D11E7277B1C7300253944 /* Project object */;
			proxyType = 1;
			remoteGlobalIDString = 505D11EE277B1C7300253944;
			remoteInfo = VideoTestSize;
		};
/* End PBXContainerItemProxy section */

/* Begin PBXFileReference section */
		505D11EF277B1C7300253944 /* VideoTestSize.app */ = {isa = PBXFileReference; explicitFileType = wrapper.application; includeInIndex = 0; path = VideoTestSize.app; sourceTree = BUILT_PRODUCTS_DIR; };
		505D11F2277B1C7300253944 /* AppDelegate.swift */ = {isa = PBXFileReference; lastKnownFileType = sourcecode.swift; path = AppDelegate.swift; sourceTree = "<group>"; };
		505D11F4277B1C7300253944 /* SceneDelegate.swift */ = {isa = PBXFileReference; lastKnownFileType = sourcecode.swift; path = SceneDelegate.swift; sourceTree = "<group>"; };
		505D11F6277B1C7300253944 /* ViewController.swift */ = {isa = PBXFileReference; lastKnownFileType = sourcecode.swift; path = ViewController.swift; sourceTree = "<group>"; };
		505D11F9277B1C7300253944 /* Base */ = {isa = PBXFileReference; lastKnownFileType = file.storyboard; name = Base; path = Base.lproj/Main.storyboard; sourceTree = "<group>"; };
		505D11FB277B1C7500253944 /* Assets.xcassets */ = {isa = PBXFileReference; lastKnownFileType = folder.assetcatalog; path = Assets.xcassets; sourceTree = "<group>"; };
		505D11FE277B1C7500253944 /* Base */ = {isa = PBXFileReference; lastKnownFileType = file.storyboard; name = Base; path = Base.lproj/LaunchScreen.storyboard; sourceTree = "<group>"; };
		505D1200277B1C7500253944 /* Info.plist */ = {isa = PBXFileReference; lastKnownFileType = text.plist.xml; path = Info.plist; sourceTree = "<group>"; };
		505D1205277B1C7500253944 /* VideoTestSizeTests.xctest */ = {isa = PBXFileReference; explicitFileType = wrapper.cfbundle; includeInIndex = 0; path = VideoTestSizeTests.xctest; sourceTree = BUILT_PRODUCTS_DIR; };
		505D1209277B1C7500253944 /* VideoTestSizeTests.swift */ = {isa = PBXFileReference; lastKnownFileType = sourcecode.swift; path = VideoTestSizeTests.swift; sourceTree = "<group>"; };
		505D120F277B1C7500253944 /* VideoTestSizeUITests.xctest */ = {isa = PBXFileReference; explicitFileType = wrapper.cfbundle; includeInIndex = 0; path = VideoTestSizeUITests.xctest; sourceTree = BUILT_PRODUCTS_DIR; };
		505D1213277B1C7500253944 /* VideoTestSizeUITests.swift */ = {isa = PBXFileReference; lastKnownFileType = sourcecode.swift; path = VideoTestSizeUITests.swift; sourceTree = "<group>"; };
		505D1215277B1C7500253944 /* VideoTestSizeUITestsLaunchTests.swift */ = {isa = PBXFileReference; lastKnownFileType = sourcecode.swift; path = VideoTestSizeUITestsLaunchTests.swift; sourceTree = "<group>"; };
		505E663D277B4B7E00F4AF15 /* game.mp4 */ = {isa = PBXFileReference; lastKnownFileType = file; name = game.mp4; path = ../../VideoTest/VideoTest/game.mp4; sourceTree = "<group>"; };
/* End PBXFileReference section */

/* Begin PBXFrameworksBuildPhase section */
		505D11EC277B1C7300253944 /* Frameworks */ = {
			isa = PBXFrameworksBuildPhase;
			buildActionMask = 2147483647;
			files = (
			);
			runOnlyForDeploymentPostprocessing = 0;
		};
		505D1202277B1C7500253944 /* Frameworks */ = {
			isa = PBXFrameworksBuildPhase;
			buildActionMask = 2147483647;
			files = (
			);
			runOnlyForDeploymentPostprocessing = 0;
		};
		505D120C277B1C7500253944 /* Frameworks */ = {
			isa = PBXFrameworksBuildPhase;
			buildActionMask = 2147483647;
			files = (
			);
			runOnlyForDeploymentPostprocessing = 0;
		};
/* End PBXFrameworksBuildPhase section */

/* Begin PBXGroup section */
		505D11E6277B1C7300253944 = {
			isa = PBXGroup;
			children = (
				505D11F1277B1C7300253944 /* VideoTestSize */,
				505D1208277B1C7500253944 /* VideoTestSizeTests */,
				505D1212277B1C7500253944 /* VideoTestSizeUITests */,
				505D11F0277B1C7300253944 /* Products */,
			);
			sourceTree = "<group>";
		};
		505D11F0277B1C7300253944 /* Products */ = {
			isa = PBXGroup;
			children = (
				505D11EF277B1C7300253944 /* VideoTestSize.app */,
				505D1205277B1C7500253944 /* VideoTestSizeTests.xctest */,
				505D120F277B1C7500253944 /* VideoTestSizeUITests.xctest */,
			);
			name = Products;
			sourceTree = "<group>";
		};
		505D11F1277B1C7300253944 /* VideoTestSize */ = {
			isa = PBXGroup;
			children = (
				505E663D277B4B7E00F4AF15 /* game.mp4 */,
				505D11F2277B1C7300253944 /* AppDelegate.swift */,
				505D11F4277B1C7300253944 /* SceneDelegate.swift */,
				505D11F6277B1C7300253944 /* ViewController.swift */,
				505D11F8277B1C7300253944 /* Main.storyboard */,
				505D11FB277B1C7500253944 /* Assets.xcassets */,
				505D11FD277B1C7500253944 /* LaunchScreen.storyboard */,
				505D1200277B1C7500253944 /* Info.plist */,
			);
			path = VideoTestSize;
			sourceTree = "<group>";
		};
		505D1208277B1C7500253944 /* VideoTestSizeTests */ = {
			isa = PBXGroup;
			children = (
				505D1209277B1C7500253944 /* VideoTestSizeTests.swift */,
			);
			path = VideoTestSizeTests;
			sourceTree = "<group>";
		};
		505D1212277B1C7500253944 /* VideoTestSizeUITests */ = {
			isa = PBXGroup;
			children = (
				505D1213277B1C7500253944 /* VideoTestSizeUITests.swift */,
				505D1215277B1C7500253944 /* VideoTestSizeUITestsLaunchTests.swift */,
			);
			path = VideoTestSizeUITests;
			sourceTree = "<group>";
		};
/* End PBXGroup section */

/* Begin PBXNativeTarget section */
		505D11EE277B1C7300253944 /* VideoTestSize */ = {
			isa = PBXNativeTarget;
			buildConfigurationList = 505D1219277B1C7500253944 /* Build configuration list for PBXNativeTarget "VideoTestSize" */;
			buildPhases = (
				505D11EB277B1C7300253944 /* Sources */,
				505D11EC277B1C7300253944 /* Frameworks */,
				505D11ED277B1C7300253944 /* Resources */,
			);
			buildRules = (
			);
			dependencies = (
			);
			name = VideoTestSize;
			productName = VideoTestSize;
			productReference = 505D11EF277B1C7300253944 /* VideoTestSize.app */;
			productType = "com.apple.product-type.application";
		};
		505D1204277B1C7500253944 /* VideoTestSizeTests */ = {
			isa = PBXNativeTarget;
			buildConfigurationList = 505D121C277B1C7500253944 /* Build configuration list for PBXNativeTarget "VideoTestSizeTests" */;
			buildPhases = (
				505D1201277B1C7500253944 /* Sources */,
				505D1202277B1C7500253944 /* Frameworks */,
				505D1203277B1C7500253944 /* Resources */,
			);
			buildRules = (
			);
			dependencies = (
				505D1207277B1C7500253944 /* PBXTargetDependency */,
			);
			name = VideoTestSizeTests;
			productName = VideoTestSizeTests;
			productReference = 505D1205277B1C7500253944 /* VideoTestSizeTests.xctest */;
			productType = "com.apple.product-type.bundle.unit-test";
		};
		505D120E277B1C7500253944 /* VideoTestSizeUITests */ = {
			isa = PBXNativeTarget;
			buildConfigurationList = 505D121F277B1C7500253944 /* Build configuration list for PBXNativeTarget "VideoTestSizeUITests" */;
			buildPhases = (
				505D120B277B1C7500253944 /* Sources */,
				505D120C277B1C7500253944 /* Frameworks */,
				505D120D277B1C7500253944 /* Resources */,
			);
			buildRules = (
			);
			dependencies = (
				505D1211277B1C7500253944 /* PBXTargetDependency */,
			);
			name = VideoTestSizeUITests;
			productName = VideoTestSizeUITests;
			productReference = 505D120F277B1C7500253944 /* VideoTestSizeUITests.xctest */;
			productType = "com.apple.product-type.bundle.ui-testing";
		};
/* End PBXNativeTarget section */

/* Begin PBXProject section */
		505D11E7277B1C7300253944 /* Project object */ = {
			isa = PBXProject;
			attributes = {
				BuildIndependentTargetsInParallel = 1;
				LastSwiftUpdateCheck = 1320;
				LastUpgradeCheck = 1320;
				TargetAttributes = {
					505D11EE277B1C7300253944 = {
						CreatedOnToolsVersion = 13.2;
					};
					505D1204277B1C7500253944 = {
						CreatedOnToolsVersion = 13.2;
						TestTargetID = 505D11EE277B1C7300253944;
					};
					505D120E277B1C7500253944 = {
						CreatedOnToolsVersion = 13.2;
						TestTargetID = 505D11EE277B1C7300253944;
					};
				};
			};
			buildConfigurationList = 505D11EA277B1C7300253944 /* Build configuration list for PBXProject "VideoTestSize" */;
			compatibilityVersion = "Xcode 13.0";
			developmentRegion = en;
			hasScannedForEncodings = 0;
			knownRegions = (
				en,
				Base,
			);
			mainGroup = 505D11E6277B1C7300253944;
			productRefGroup = 505D11F0277B1C7300253944 /* Products */;
			projectDirPath = "";
			projectRoot = "";
			targets = (
				505D11EE277B1C7300253944 /* VideoTestSize */,
				505D1204277B1C7500253944 /* VideoTestSizeTests */,
				505D120E277B1C7500253944 /* VideoTestSizeUITests */,
			);
		};
/* End PBXProject section */

/* Begin PBXResourcesBuildPhase section */
		505D11ED277B1C7300253944 /* Resources */ = {
			isa = PBXResourcesBuildPhase;
			buildActionMask = 2147483647;
			files = (
				505D11FF277B1C7500253944 /* LaunchScreen.storyboard in Resources */,
				505E663E277B4B7E00F4AF15 /* game.mp4 in Resources */,
				505D11FC277B1C7500253944 /* Assets.xcassets in Resources */,
				505D11FA277B1C7300253944 /* Main.storyboard in Resources */,
			);
			runOnlyForDeploymentPostprocessing = 0;
		};
		505D1203277B1C7500253944 /* Resources */ = {
			isa = PBXResourcesBuildPhase;
			buildActionMask = 2147483647;
			files = (
			);
			runOnlyForDeploymentPostprocessing = 0;
		};
		505D120D277B1C7500253944 /* Resources */ = {
			isa = PBXResourcesBuildPhase;
			buildActionMask = 2147483647;
			files = (
			);
			runOnlyForDeploymentPostprocessing = 0;
		};
/* End PBXResourcesBuildPhase section */

/* Begin PBXSourcesBuildPhase section */
		505D11EB277B1C7300253944 /* Sources */ = {
			isa = PBXSourcesBuildPhase;
			buildActionMask = 2147483647;
			files = (
				505D11F7277B1C7300253944 /* ViewController.swift in Sources */,
				505D11F3277B1C7300253944 /* AppDelegate.swift in Sources */,
				505D11F5277B1C7300253944 /* SceneDelegate.swift in Sources */,
			);
			runOnlyForDeploymentPostprocessing = 0;
		};
		505D1201277B1C7500253944 /* Sources */ = {
			isa = PBXSourcesBuildPhase;
			buildActionMask = 2147483647;
			files = (
				505D120A277B1C7500253944 /* VideoTestSizeTests.swift in Sources */,
			);
			runOnlyForDeploymentPostprocessing = 0;
		};
		505D120B277B1C7500253944 /* Sources */ = {
			isa = PBXSourcesBuildPhase;
			buildActionMask = 2147483647;
			files = (
				505D1214277B1C7500253944 /* VideoTestSizeUITests.swift in Sources */,
				505D1216277B1C7500253944 /* VideoTestSizeUITestsLaunchTests.swift in Sources */,
			);
			runOnlyForDeploymentPostprocessing = 0;
		};
/* End PBXSourcesBuildPhase section */

/* Begin PBXTargetDependency section */
		505D1207277B1C7500253944 /* PBXTargetDependency */ = {
			isa = PBXTargetDependency;
			target = 505D11EE277B1C7300253944 /* VideoTestSize */;
			targetProxy = 505D1206277B1C7500253944 /* PBXContainerItemProxy */;
		};
		505D1211277B1C7500253944 /* PBXTargetDependency */ = {
			isa = PBXTargetDependency;
			target = 505D11EE277B1C7300253944 /* VideoTestSize */;
			targetProxy = 505D1210277B1C7500253944 /* PBXContainerItemProxy */;
		};
/* End PBXTargetDependency section */

/* Begin PBXVariantGroup section */
		505D11F8277B1C7300253944 /* Main.storyboard */ = {
			isa = PBXVariantGroup;
			children = (
				505D11F9277B1C7300253944 /* Base */,
			);
			name = Main.storyboard;
			sourceTree = "<group>";
		};
		505D11FD277B1C7500253944 /* LaunchScreen.storyboard */ = {
			isa = PBXVariantGroup;
			children = (
				505D11FE277B1C7500253944 /* Base */,
			);
			name = LaunchScreen.storyboard;
			sourceTree = "<group>";
		};
/* End PBXVariantGroup section */

/* Begin XCBuildConfiguration section */
		505D1217277B1C7500253944 /* Debug */ = {
			isa = XCBuildConfiguration;
			buildSettings = {
				ALWAYS_SEARCH_USER_PATHS = NO;
				CLANG_ANALYZER_NONNULL = YES;
				CLANG_ANALYZER_NUMBER_OBJECT_CONVERSION = YES_AGGRESSIVE;
				CLANG_CXX_LANGUAGE_STANDARD = "gnu++17";
				CLANG_CXX_LIBRARY = "libc++";
				CLANG_ENABLE_MODULES = YES;
				CLANG_ENABLE_OBJC_ARC = YES;
				CLANG_ENABLE_OBJC_WEAK = YES;
				CLANG_WARN_BLOCK_CAPTURE_AUTORELEASING = YES;
				CLANG_WARN_BOOL_CONVERSION = YES;
				CLANG_WARN_COMMA = YES;
				CLANG_WARN_CONSTANT_CONVERSION = YES;
				CLANG_WARN_DEPRECATED_OBJC_IMPLEMENTATIONS = YES;
				CLANG_WARN_DIRECT_OBJC_ISA_USAGE = YES_ERROR;
				CLANG_WARN_DOCUMENTATION_COMMENTS = YES;
				CLANG_WARN_EMPTY_BODY = YES;
				CLANG_WARN_ENUM_CONVERSION = YES;
				CLANG_WARN_INFINITE_RECURSION = YES;
				CLANG_WARN_INT_CONVERSION = YES;
				CLANG_WARN_NON_LITERAL_NULL_CONVERSION = YES;
				CLANG_WARN_OBJC_IMPLICIT_RETAIN_SELF = YES;
				CLANG_WARN_OBJC_LITERAL_CONVERSION = YES;
				CLANG_WARN_OBJC_ROOT_CLASS = YES_ERROR;
				CLANG_WARN_QUOTED_INCLUDE_IN_FRAMEWORK_HEADER = YES;
				CLANG_WARN_RANGE_LOOP_ANALYSIS = YES;
				CLANG_WARN_STRICT_PROTOTYPES = YES;
				CLANG_WARN_SUSPICIOUS_MOVE = YES;
				CLANG_WARN_UNGUARDED_AVAILABILITY = YES_AGGRESSIVE;
				CLANG_WARN_UNREACHABLE_CODE = YES;
				CLANG_WARN__DUPLICATE_METHOD_MATCH = YES;
				COPY_PHASE_STRIP = NO;
				DEBUG_INFORMATION_FORMAT = dwarf;
				ENABLE_STRICT_OBJC_MSGSEND = YES;
				ENABLE_TESTABILITY = YES;
				GCC_C_LANGUAGE_STANDARD = gnu11;
				GCC_DYNAMIC_NO_PIC = NO;
				GCC_NO_COMMON_BLOCKS = YES;
				GCC_OPTIMIZATION_LEVEL = 0;
				GCC_PREPROCESSOR_DEFINITIONS = (
					"DEBUG=1",
					"$(inherited)",
				);
				GCC_WARN_64_TO_32_BIT_CONVERSION = YES;
				GCC_WARN_ABOUT_RETURN_TYPE = YES_ERROR;
				GCC_WARN_UNDECLARED_SELECTOR = YES;
				GCC_WARN_UNINITIALIZED_AUTOS = YES_AGGRESSIVE;
				GCC_WARN_UNUSED_FUNCTION = YES;
				GCC_WARN_UNUSED_VARIABLE = YES;
				IPHONEOS_DEPLOYMENT_TARGET = 15.2;
				MTL_ENABLE_DEBUG_INFO = INCLUDE_SOURCE;
				MTL_FAST_MATH = YES;
				ONLY_ACTIVE_ARCH = YES;
				SDKROOT = iphoneos;
				SWIFT_ACTIVE_COMPILATION_CONDITIONS = DEBUG;
				SWIFT_OPTIMIZATION_LEVEL = "-Onone";
			};
			name = Debug;
		};
		505D1218277B1C7500253944 /* Release */ = {
			isa = XCBuildConfiguration;
			buildSettings = {
				ALWAYS_SEARCH_USER_PATHS = NO;
				CLANG_ANALYZER_NONNULL = YES;
				CLANG_ANALYZER_NUMBER_OBJECT_CONVERSION = YES_AGGRESSIVE;
				CLANG_CXX_LANGUAGE_STANDARD = "gnu++17";
				CLANG_CXX_LIBRARY = "libc++";
				CLANG_ENABLE_MODULES = YES;
				CLANG_ENABLE_OBJC_ARC = YES;
				CLANG_ENABLE_OBJC_WEAK = YES;
				CLANG_WARN_BLOCK_CAPTURE_AUTORELEASING = YES;
				CLANG_WARN_BOOL_CONVERSION = YES;
				CLANG_WARN_COMMA = YES;
				CLANG_WARN_CONSTANT_CONVERSION = YES;
				CLANG_WARN_DEPRECATED_OBJC_IMPLEMENTATIONS = YES;
				CLANG_WARN_DIRECT_OBJC_ISA_USAGE = YES_ERROR;
				CLANG_WARN_DOCUMENTATION_COMMENTS = YES;
				CLANG_WARN_EMPTY_BODY = YES;
				CLANG_WARN_ENUM_CONVERSION = YES;
				CLANG_WARN_INFINITE_RECURSION = YES;
				CLANG_WARN_INT_CONVERSION = YES;
				CLANG_WARN_NON_LITERAL_NULL_CONVERSION = YES;
				CLANG_WARN_OBJC_IMPLICIT_RETAIN_SELF = YES;
				CLANG_WARN_OBJC_LITERAL_CONVERSION = YES;
				CLANG_WARN_OBJC_ROOT_CLASS = YES_ERROR;
				CLANG_WARN_QUOTED_INCLUDE_IN_FRAMEWORK_HEADER = YES;
				CLANG_WARN_RANGE_LOOP_ANALYSIS = YES;
				CLANG_WARN_STRICT_PROTOTYPES = YES;
				CLANG_WARN_SUSPICIOUS_MOVE = YES;
				CLANG_WARN_UNGUARDED_AVAILABILITY = YES_AGGRESSIVE;
				CLANG_WARN_UNREACHABLE_CODE = YES;
				CLANG_WARN__DUPLICATE_METHOD_MATCH = YES;
				COPY_PHASE_STRIP = NO;
				DEBUG_INFORMATION_FORMAT = "dwarf-with-dsym";
				ENABLE_NS_ASSERTIONS = NO;
				ENABLE_STRICT_OBJC_MSGSEND = YES;
				GCC_C_LANGUAGE_STANDARD = gnu11;
				GCC_NO_COMMON_BLOCKS = YES;
				GCC_WARN_64_TO_32_BIT_CONVERSION = YES;
				GCC_WARN_ABOUT_RETURN_TYPE = YES_ERROR;
				GCC_WARN_UNDECLARED_SELECTOR = YES;
				GCC_WARN_UNINITIALIZED_AUTOS = YES_AGGRESSIVE;
				GCC_WARN_UNUSED_FUNCTION = YES;
				GCC_WARN_UNUSED_VARIABLE = YES;
				IPHONEOS_DEPLOYMENT_TARGET = 15.2;
				MTL_ENABLE_DEBUG_INFO = NO;
				MTL_FAST_MATH = YES;
				SDKROOT = iphoneos;
				SWIFT_COMPILATION_MODE = wholemodule;
				SWIFT_OPTIMIZATION_LEVEL = "-O";
				VALIDATE_PRODUCT = YES;
			};
			name = Release;
		};
		505D121A277B1C7500253944 /* Debug */ = {
			isa = XCBuildConfiguration;
			buildSettings = {
				ASSETCATALOG_COMPILER_APPICON_NAME = AppIcon;
				ASSETCATALOG_COMPILER_GLOBAL_ACCENT_COLOR_NAME = AccentColor;
				CODE_SIGN_STYLE = Automatic;
				CURRENT_PROJECT_VERSION = 1;
				GENERATE_INFOPLIST_FILE = YES;
				INFOPLIST_FILE = VideoTestSize/Info.plist;
				INFOPLIST_KEY_UIApplicationSupportsIndirectInputEvents = YES;
				INFOPLIST_KEY_UILaunchStoryboardName = LaunchScreen;
				INFOPLIST_KEY_UIMainStoryboardFile = Main;
				INFOPLIST_KEY_UISupportedInterfaceOrientations_iPad = "UIInterfaceOrientationPortrait UIInterfaceOrientationPortraitUpsideDown UIInterfaceOrientationLandscapeLeft UIInterfaceOrientationLandscapeRight";
				INFOPLIST_KEY_UISupportedInterfaceOrientations_iPhone = "UIInterfaceOrientationPortrait UIInterfaceOrientationLandscapeLeft UIInterfaceOrientationLandscapeRight";
				LD_RUNPATH_SEARCH_PATHS = (
					"$(inherited)",
					"@executable_path/Frameworks",
				);
				MARKETING_VERSION = 1.0;
				PRODUCT_BUNDLE_IDENTIFIER = kikikakakoko.VideoTestSize;
				PRODUCT_NAME = "$(TARGET_NAME)";
				SWIFT_EMIT_LOC_STRINGS = YES;
				SWIFT_VERSION = 5.0;
				TARGETED_DEVICE_FAMILY = "1,2";
			};
			name = Debug;
		};
		505D121B277B1C7500253944 /* Release */ = {
			isa = XCBuildConfiguration;
			buildSettings = {
				ASSETCATALOG_COMPILER_APPICON_NAME = AppIcon;
				ASSETCATALOG_COMPILER_GLOBAL_ACCENT_COLOR_NAME = AccentColor;
				CODE_SIGN_STYLE = Automatic;
				CURRENT_PROJECT_VERSION = 1;
				GENERATE_INFOPLIST_FILE = YES;
				INFOPLIST_FILE = VideoTestSize/Info.plist;
				INFOPLIST_KEY_UIApplicationSupportsIndirectInputEvents = YES;
				INFOPLIST_KEY_UILaunchStoryboardName = LaunchScreen;
				INFOPLIST_KEY_UIMainStoryboardFile = Main;
				INFOPLIST_KEY_UISupportedInterfaceOrientations_iPad = "UIInterfaceOrientationPortrait UIInterfaceOrientationPortraitUpsideDown UIInterfaceOrientationLandscapeLeft UIInterfaceOrientationLandscapeRight";
				INFOPLIST_KEY_UISupportedInterfaceOrientations_iPhone = "UIInterfaceOrientationPortrait UIInterfaceOrientationLandscapeLeft UIInterfaceOrientationLandscapeRight";
				LD_RUNPATH_SEARCH_PATHS = (
					"$(inherited)",
					"@executable_path/Frameworks",
				);
				MARKETING_VERSION = 1.0;
				PRODUCT_BUNDLE_IDENTIFIER = kikikakakoko.VideoTestSize;
				PRODUCT_NAME = "$(TARGET_NAME)";
				SWIFT_EMIT_LOC_STRINGS = YES;
				SWIFT_VERSION = 5.0;
				TARGETED_DEVICE_FAMILY = "1,2";
			};
			name = Release;
		};
		505D121D277B1C7500253944 /* Debug */ = {
			isa = XCBuildConfiguration;
			buildSettings = {
				ALWAYS_EMBED_SWIFT_STANDARD_LIBRARIES = YES;
				BUNDLE_LOADER = "$(TEST_HOST)";
				CODE_SIGN_STYLE = Automatic;
				CURRENT_PROJECT_VERSION = 1;
				GENERATE_INFOPLIST_FILE = YES;
				IPHONEOS_DEPLOYMENT_TARGET = 15.2;
				MARKETING_VERSION = 1.0;
				PRODUCT_BUNDLE_IDENTIFIER = kikikakakoko.VideoTestSizeTests;
				PRODUCT_NAME = "$(TARGET_NAME)";
				SWIFT_EMIT_LOC_STRINGS = NO;
				SWIFT_VERSION = 5.0;
				TARGETED_DEVICE_FAMILY = "1,2";
				TEST_HOST = "$(BUILT_PRODUCTS_DIR)/VideoTestSize.app/VideoTestSize";
			};
			name = Debug;
		};
		505D121E277B1C7500253944 /* Release */ = {
			isa = XCBuildConfiguration;
			buildSettings = {
				ALWAYS_EMBED_SWIFT_STANDARD_LIBRARIES = YES;
				BUNDLE_LOADER = "$(TEST_HOST)";
				CODE_SIGN_STYLE = Automatic;
				CURRENT_PROJECT_VERSION = 1;
				GENERATE_INFOPLIST_FILE = YES;
				IPHONEOS_DEPLOYMENT_TARGET = 15.2;
				MARKETING_VERSION = 1.0;
				PRODUCT_BUNDLE_IDENTIFIER = kikikakakoko.VideoTestSizeTests;
				PRODUCT_NAME = "$(TARGET_NAME)";
				SWIFT_EMIT_LOC_STRINGS = NO;
				SWIFT_VERSION = 5.0;
				TARGETED_DEVICE_FAMILY = "1,2";
				TEST_HOST = "$(BUILT_PRODUCTS_DIR)/VideoTestSize.app/VideoTestSize";
			};
			name = Release;
		};
		505D1220277B1C7500253944 /* Debug */ = {
			isa = XCBuildConfiguration;
			buildSettings = {
				ALWAYS_EMBED_SWIFT_STANDARD_LIBRARIES = YES;
				CODE_SIGN_STYLE = Automatic;
				CURRENT_PROJECT_VERSION = 1;
				GENERATE_INFOPLIST_FILE = YES;
				MARKETING_VERSION = 1.0;
				PRODUCT_BUNDLE_IDENTIFIER = kikikakakoko.VideoTestSizeUITests;
				PRODUCT_NAME = "$(TARGET_NAME)";
				SWIFT_EMIT_LOC_STRINGS = NO;
				SWIFT_VERSION = 5.0;
				TARGETED_DEVICE_FAMILY = "1,2";
				TEST_TARGET_NAME = VideoTestSize;
			};
			name = Debug;
		};
		505D1221277B1C7500253944 /* Release */ = {
			isa = XCBuildConfiguration;
			buildSettings = {
				ALWAYS_EMBED_SWIFT_STANDARD_LIBRARIES = YES;
				CODE_SIGN_STYLE = Automatic;
				CURRENT_PROJECT_VERSION = 1;
				GENERATE_INFOPLIST_FILE = YES;
				MARKETING_VERSION = 1.0;
				PRODUCT_BUNDLE_IDENTIFIER = kikikakakoko.VideoTestSizeUITests;
				PRODUCT_NAME = "$(TARGET_NAME)";
				SWIFT_EMIT_LOC_STRINGS = NO;
				SWIFT_VERSION = 5.0;
				TARGETED_DEVICE_FAMILY = "1,2";
				TEST_TARGET_NAME = VideoTestSize;
			};
			name = Release;
		};
/* End XCBuildConfiguration section */

/* Begin XCConfigurationList section */
		505D11EA277B1C7300253944 /* Build configuration list for PBXProject "VideoTestSize" */ = {
			isa = XCConfigurationList;
			buildConfigurations = (
				505D1217277B1C7500253944 /* Debug */,
				505D1218277B1C7500253944 /* Release */,
			);
			defaultConfigurationIsVisible = 0;
			defaultConfigurationName = Release;
		};
		505D1219277B1C7500253944 /* Build configuration list for PBXNativeTarget "VideoTestSize" */ = {
			isa = XCConfigurationList;
			buildConfigurations = (
				505D121A277B1C7500253944 /* Debug */,
				505D121B277B1C7500253944 /* Release */,
			);
			defaultConfigurationIsVisible = 0;
			defaultConfigurationName = Release;
		};
		505D121C277B1C7500253944 /* Build configuration list for PBXNativeTarget "VideoTestSizeTests" */ = {
			isa = XCConfigurationList;
			buildConfigurations = (
				505D121D277B1C7500253944 /* Debug */,
				505D121E277B1C7500253944 /* Release */,
			);
			defaultConfigurationIsVisible = 0;
			defaultConfigurationName = Release;
		};
		505D121F277B1C7500253944 /* Build configuration list for PBXNativeTarget "VideoTestSizeUITests" */ = {
			isa = XCConfigurationList;
			buildConfigurations = (
				505D1220277B1C7500253944 /* Debug */,
				505D1221277B1C7500253944 /* Release */,
			);
			defaultConfigurationIsVisible = 0;
			defaultConfigurationName = Release;
		};
/* End XCConfigurationList section */
	};
	rootObject = 505D11E7277B1C7300253944 /* Project object */;
}
