// !$*UTF8*$!
{
	archiveVersion = 1;
	classes = {
	};
	objectVersion = 55;
	objects = {

/* Begin PBXBuildFile section */
		507838912769DF55006B9DCA /* Tests_iOS.swift in Sources */ = {isa = PBXBuildFile; fileRef = 507838902769DF55006B9DCA /* Tests_iOS.swift */; };
		507838932769DF55006B9DCA /* Tests_iOSLaunchTests.swift in Sources */ = {isa = PBXBuildFile; fileRef = 507838922769DF55006B9DCA /* Tests_iOSLaunchTests.swift */; };
		5078389D2769DF55006B9DCA /* Tests_macOS.swift in Sources */ = {isa = PBXBuildFile; fileRef = 5078389C2769DF55006B9DCA /* Tests_macOS.swift */; };
		5078389F2769DF55006B9DCA /* Tests_macOSLaunchTests.swift in Sources */ = {isa = PBXBuildFile; fileRef = 5078389E2769DF55006B9DCA /* Tests_macOSLaunchTests.swift */; };
		507838A02769DF55006B9DCA /* newTestApp.swift in Sources */ = {isa = PBXBuildFile; fileRef = 507838782769DF54006B9DCA /* newTestApp.swift */; };
		507838A12769DF55006B9DCA /* newTestApp.swift in Sources */ = {isa = PBXBuildFile; fileRef = 507838782769DF54006B9DCA /* newTestApp.swift */; };
		507838A22769DF55006B9DCA /* ContentView.swift in Sources */ = {isa = PBXBuildFile; fileRef = 507838792769DF54006B9DCA /* ContentView.swift */; };
		507838A32769DF55006B9DCA /* ContentView.swift in Sources */ = {isa = PBXBuildFile; fileRef = 507838792769DF54006B9DCA /* ContentView.swift */; };
		507838A42769DF55006B9DCA /* Assets.xcassets in Resources */ = {isa = PBXBuildFile; fileRef = 5078387A2769DF55006B9DCA /* Assets.xcassets */; };
		507838A52769DF55006B9DCA /* Assets.xcassets in Resources */ = {isa = PBXBuildFile; fileRef = 5078387A2769DF55006B9DCA /* Assets.xcassets */; };
/* End PBXBuildFile section */

/* Begin PBXContainerItemProxy section */
		5078388D2769DF55006B9DCA /* PBXContainerItemProxy */ = {
			isa = PBXContainerItemProxy;
			containerPortal = 507838732769DF54006B9DCA /* Project object */;
			proxyType = 1;
			remoteGlobalIDString = 5078387E2769DF55006B9DCA;
			remoteInfo = "newTest (iOS)";
		};
		507838992769DF55006B9DCA /* PBXContainerItemProxy */ = {
			isa = PBXContainerItemProxy;
			containerPortal = 507838732769DF54006B9DCA /* Project object */;
			proxyType = 1;
			remoteGlobalIDString = 507838842769DF55006B9DCA;
			remoteInfo = "newTest (macOS)";
		};
/* End PBXContainerItemProxy section */

/* Begin PBXFileReference section */
		507838782769DF54006B9DCA /* newTestApp.swift */ = {isa = PBXFileReference; lastKnownFileType = sourcecode.swift; path = newTestApp.swift; sourceTree = "<group>"; };
		507838792769DF54006B9DCA /* ContentView.swift */ = {isa = PBXFileReference; lastKnownFileType = sourcecode.swift; path = ContentView.swift; sourceTree = "<group>"; };
		5078387A2769DF55006B9DCA /* Assets.xcassets */ = {isa = PBXFileReference; lastKnownFileType = folder.assetcatalog; path = Assets.xcassets; sourceTree = "<group>"; };
		5078387F2769DF55006B9DCA /* newTest.app */ = {isa = PBXFileReference; explicitFileType = wrapper.application; includeInIndex = 0; path = newTest.app; sourceTree = BUILT_PRODUCTS_DIR; };
		507838852769DF55006B9DCA /* newTest.app */ = {isa = PBXFileReference; explicitFileType = wrapper.application; includeInIndex = 0; path = newTest.app; sourceTree = BUILT_PRODUCTS_DIR; };
		507838872769DF55006B9DCA /* macOS.entitlements */ = {isa = PBXFileReference; lastKnownFileType = text.plist.entitlements; path = macOS.entitlements; sourceTree = "<group>"; };
		5078388C2769DF55006B9DCA /* Tests iOS.xctest */ = {isa = PBXFileReference; explicitFileType = wrapper.cfbundle; includeInIndex = 0; path = "Tests iOS.xctest"; sourceTree = BUILT_PRODUCTS_DIR; };
		507838902769DF55006B9DCA /* Tests_iOS.swift */ = {isa = PBXFileReference; lastKnownFileType = sourcecode.swift; path = Tests_iOS.swift; sourceTree = "<group>"; };
		507838922769DF55006B9DCA /* Tests_iOSLaunchTests.swift */ = {isa = PBXFileReference; lastKnownFileType = sourcecode.swift; path = Tests_iOSLaunchTests.swift; sourceTree = "<group>"; };
		507838982769DF55006B9DCA /* Tests macOS.xctest */ = {isa = PBXFileReference; explicitFileType = wrapper.cfbundle; includeInIndex = 0; path = "Tests macOS.xctest"; sourceTree = BUILT_PRODUCTS_DIR; };
		5078389C2769DF55006B9DCA /* Tests_macOS.swift */ = {isa = PBXFileReference; lastKnownFileType = sourcecode.swift; path = Tests_macOS.swift; sourceTree = "<group>"; };
		5078389E2769DF55006B9DCA /* Tests_macOSLaunchTests.swift */ = {isa = PBXFileReference; lastKnownFileType = sourcecode.swift; path = Tests_macOSLaunchTests.swift; sourceTree = "<group>"; };
/* End PBXFileReference section */

/* Begin PBXFrameworksBuildPhase section */
		5078387C2769DF55006B9DCA /* Frameworks */ = {
			isa = PBXFrameworksBuildPhase;
			buildActionMask = 2147483647;
			files = (
			);
			runOnlyForDeploymentPostprocessing = 0;
		};
		507838822769DF55006B9DCA /* Frameworks */ = {
			isa = PBXFrameworksBuildPhase;
			buildActionMask = 2147483647;
			files = (
			);
			runOnlyForDeploymentPostprocessing = 0;
		};
		507838892769DF55006B9DCA /* Frameworks */ = {
			isa = PBXFrameworksBuildPhase;
			buildActionMask = 2147483647;
			files = (
			);
			runOnlyForDeploymentPostprocessing = 0;
		};
		507838952769DF55006B9DCA /* Frameworks */ = {
			isa = PBXFrameworksBuildPhase;
			buildActionMask = 2147483647;
			files = (
			);
			runOnlyForDeploymentPostprocessing = 0;
		};
/* End PBXFrameworksBuildPhase section */

/* Begin PBXGroup section */
		507838722769DF54006B9DCA = {
			isa = PBXGroup;
			children = (
				507838772769DF54006B9DCA /* Shared */,
				507838862769DF55006B9DCA /* macOS */,
				5078388F2769DF55006B9DCA /* Tests iOS */,
				5078389B2769DF55006B9DCA /* Tests macOS */,
				507838802769DF55006B9DCA /* Products */,
			);
			sourceTree = "<group>";
		};
		507838772769DF54006B9DCA /* Shared */ = {
			isa = PBXGroup;
			children = (
				507838782769DF54006B9DCA /* newTestApp.swift */,
				507838792769DF54006B9DCA /* ContentView.swift */,
				5078387A2769DF55006B9DCA /* Assets.xcassets */,
			);
			path = Shared;
			sourceTree = "<group>";
		};
		507838802769DF55006B9DCA /* Products */ = {
			isa = PBXGroup;
			children = (
				5078387F2769DF55006B9DCA /* newTest.app */,
				507838852769DF55006B9DCA /* newTest.app */,
				5078388C2769DF55006B9DCA /* Tests iOS.xctest */,
				507838982769DF55006B9DCA /* Tests macOS.xctest */,
			);
			name = Products;
			sourceTree = "<group>";
		};
		507838862769DF55006B9DCA /* macOS */ = {
			isa = PBXGroup;
			children = (
				507838872769DF55006B9DCA /* macOS.entitlements */,
			);
			path = macOS;
			sourceTree = "<group>";
		};
		5078388F2769DF55006B9DCA /* Tests iOS */ = {
			isa = PBXGroup;
			children = (
				507838902769DF55006B9DCA /* Tests_iOS.swift */,
				507838922769DF55006B9DCA /* Tests_iOSLaunchTests.swift */,
			);
			path = "Tests iOS";
			sourceTree = "<group>";
		};
		5078389B2769DF55006B9DCA /* Tests macOS */ = {
			isa = PBXGroup;
			children = (
				5078389C2769DF55006B9DCA /* Tests_macOS.swift */,
				5078389E2769DF55006B9DCA /* Tests_macOSLaunchTests.swift */,
			);
			path = "Tests macOS";
			sourceTree = "<group>";
		};
/* End PBXGroup section */

/* Begin PBXNativeTarget section */
		5078387E2769DF55006B9DCA /* newTest (iOS) */ = {
			isa = PBXNativeTarget;
			buildConfigurationList = 507838A82769DF55006B9DCA /* Build configuration list for PBXNativeTarget "newTest (iOS)" */;
			buildPhases = (
				5078387B2769DF55006B9DCA /* Sources */,
				5078387C2769DF55006B9DCA /* Frameworks */,
				5078387D2769DF55006B9DCA /* Resources */,
			);
			buildRules = (
			);
			dependencies = (
			);
			name = "newTest (iOS)";
			productName = "newTest (iOS)";
			productReference = 5078387F2769DF55006B9DCA /* newTest.app */;
			productType = "com.apple.product-type.application";
		};
		507838842769DF55006B9DCA /* newTest (macOS) */ = {
			isa = PBXNativeTarget;
			buildConfigurationList = 507838AB2769DF55006B9DCA /* Build configuration list for PBXNativeTarget "newTest (macOS)" */;
			buildPhases = (
				507838812769DF55006B9DCA /* Sources */,
				507838822769DF55006B9DCA /* Frameworks */,
				507838832769DF55006B9DCA /* Resources */,
			);
			buildRules = (
			);
			dependencies = (
			);
			name = "newTest (macOS)";
			productName = "newTest (macOS)";
			productReference = 507838852769DF55006B9DCA /* newTest.app */;
			productType = "com.apple.product-type.application";
		};
		5078388B2769DF55006B9DCA /* Tests iOS */ = {
			isa = PBXNativeTarget;
			buildConfigurationList = 507838AE2769DF55006B9DCA /* Build configuration list for PBXNativeTarget "Tests iOS" */;
			buildPhases = (
				507838882769DF55006B9DCA /* Sources */,
				507838892769DF55006B9DCA /* Frameworks */,
				5078388A2769DF55006B9DCA /* Resources */,
			);
			buildRules = (
			);
			dependencies = (
				5078388E2769DF55006B9DCA /* PBXTargetDependency */,
			);
			name = "Tests iOS";
			productName = "Tests iOS";
			productReference = 5078388C2769DF55006B9DCA /* Tests iOS.xctest */;
			productType = "com.apple.product-type.bundle.ui-testing";
		};
		507838972769DF55006B9DCA /* Tests macOS */ = {
			isa = PBXNativeTarget;
			buildConfigurationList = 507838B12769DF55006B9DCA /* Build configuration list for PBXNativeTarget "Tests macOS" */;
			buildPhases = (
				507838942769DF55006B9DCA /* Sources */,
				507838952769DF55006B9DCA /* Frameworks */,
				507838962769DF55006B9DCA /* Resources */,
			);
			buildRules = (
			);
			dependencies = (
				5078389A2769DF55006B9DCA /* PBXTargetDependency */,
			);
			name = "Tests macOS";
			productName = "Tests macOS";
			productReference = 507838982769DF55006B9DCA /* Tests macOS.xctest */;
			productType = "com.apple.product-type.bundle.ui-testing";
		};
/* End PBXNativeTarget section */

/* Begin PBXProject section */
		507838732769DF54006B9DCA /* Project object */ = {
			isa = PBXProject;
			attributes = {
				BuildIndependentTargetsInParallel = 1;
				LastSwiftUpdateCheck = 1320;
				LastUpgradeCheck = 1320;
				TargetAttributes = {
					5078387E2769DF55006B9DCA = {
						CreatedOnToolsVersion = 13.2;
					};
					507838842769DF55006B9DCA = {
						CreatedOnToolsVersion = 13.2;
					};
					5078388B2769DF55006B9DCA = {
						CreatedOnToolsVersion = 13.2;
						TestTargetID = 5078387E2769DF55006B9DCA;
					};
					507838972769DF55006B9DCA = {
						CreatedOnToolsVersion = 13.2;
						TestTargetID = 507838842769DF55006B9DCA;
					};
				};
			};
			buildConfigurationList = 507838762769DF54006B9DCA /* Build configuration list for PBXProject "newTest" */;
			compatibilityVersion = "Xcode 13.0";
			developmentRegion = en;
			hasScannedForEncodings = 0;
			knownRegions = (
				en,
				Base,
			);
			mainGroup = 507838722769DF54006B9DCA;
			productRefGroup = 507838802769DF55006B9DCA /* Products */;
			projectDirPath = "";
			projectRoot = "";
			targets = (
				5078387E2769DF55006B9DCA /* newTest (iOS) */,
				507838842769DF55006B9DCA /* newTest (macOS) */,
				5078388B2769DF55006B9DCA /* Tests iOS */,
				507838972769DF55006B9DCA /* Tests macOS */,
			);
		};
/* End PBXProject section */

/* Begin PBXResourcesBuildPhase section */
		5078387D2769DF55006B9DCA /* Resources */ = {
			isa = PBXResourcesBuildPhase;
			buildActionMask = 2147483647;
			files = (
				507838A42769DF55006B9DCA /* Assets.xcassets in Resources */,
			);
			runOnlyForDeploymentPostprocessing = 0;
		};
		507838832769DF55006B9DCA /* Resources */ = {
			isa = PBXResourcesBuildPhase;
			buildActionMask = 2147483647;
			files = (
				507838A52769DF55006B9DCA /* Assets.xcassets in Resources */,
			);
			runOnlyForDeploymentPostprocessing = 0;
		};
		5078388A2769DF55006B9DCA /* Resources */ = {
			isa = PBXResourcesBuildPhase;
			buildActionMask = 2147483647;
			files = (
			);
			runOnlyForDeploymentPostprocessing = 0;
		};
		507838962769DF55006B9DCA /* Resources */ = {
			isa = PBXResourcesBuildPhase;
			buildActionMask = 2147483647;
			files = (
			);
			runOnlyForDeploymentPostprocessing = 0;
		};
/* End PBXResourcesBuildPhase section */

/* Begin PBXSourcesBuildPhase section */
		5078387B2769DF55006B9DCA /* Sources */ = {
			isa = PBXSourcesBuildPhase;
			buildActionMask = 2147483647;
			files = (
				507838A22769DF55006B9DCA /* ContentView.swift in Sources */,
				507838A02769DF55006B9DCA /* newTestApp.swift in Sources */,
			);
			runOnlyForDeploymentPostprocessing = 0;
		};
		507838812769DF55006B9DCA /* Sources */ = {
			isa = PBXSourcesBuildPhase;
			buildActionMask = 2147483647;
			files = (
				507838A32769DF55006B9DCA /* ContentView.swift in Sources */,
				507838A12769DF55006B9DCA /* newTestApp.swift in Sources */,
			);
			runOnlyForDeploymentPostprocessing = 0;
		};
		507838882769DF55006B9DCA /* Sources */ = {
			isa = PBXSourcesBuildPhase;
			buildActionMask = 2147483647;
			files = (
				507838932769DF55006B9DCA /* Tests_iOSLaunchTests.swift in Sources */,
				507838912769DF55006B9DCA /* Tests_iOS.swift in Sources */,
			);
			runOnlyForDeploymentPostprocessing = 0;
		};
		507838942769DF55006B9DCA /* Sources */ = {
			isa = PBXSourcesBuildPhase;
			buildActionMask = 2147483647;
			files = (
				5078389F2769DF55006B9DCA /* Tests_macOSLaunchTests.swift in Sources */,
				5078389D2769DF55006B9DCA /* Tests_macOS.swift in Sources */,
			);
			runOnlyForDeploymentPostprocessing = 0;
		};
/* End PBXSourcesBuildPhase section */

/* Begin PBXTargetDependency section */
		5078388E2769DF55006B9DCA /* PBXTargetDependency */ = {
			isa = PBXTargetDependency;
			target = 5078387E2769DF55006B9DCA /* newTest (iOS) */;
			targetProxy = 5078388D2769DF55006B9DCA /* PBXContainerItemProxy */;
		};
		5078389A2769DF55006B9DCA /* PBXTargetDependency */ = {
			isa = PBXTargetDependency;
			target = 507838842769DF55006B9DCA /* newTest (macOS) */;
			targetProxy = 507838992769DF55006B9DCA /* PBXContainerItemProxy */;
		};
/* End PBXTargetDependency section */

/* Begin XCBuildConfiguration section */
		507838A62769DF55006B9DCA /* Debug */ = {
			isa = XCBuildConfiguration;
			buildSettings = {
				ALWAYS_SEARCH_USER_PATHS = NO;
				CLANG_ANALYZER_NONNULL = YES;
				CLANG_ANALYZER_NUMBER_OBJECT_CONVERSION = YES_AGGRESSIVE;
				CLANG_CXX_LANGUAGE_STANDARD = "gnu++17";
				CLANG_CXX_LIBRARY = "libc++";
				CLANG_ENABLE_MODULES = YES;
				CLANG_ENABLE_OBJC_ARC = YES;
				CLANG_ENABLE_OBJC_WEAK = YES;
				CLANG_WARN_BLOCK_CAPTURE_AUTORELEASING = YES;
				CLANG_WARN_BOOL_CONVERSION = YES;
				CLANG_WARN_COMMA = YES;
				CLANG_WARN_CONSTANT_CONVERSION = YES;
				CLANG_WARN_DEPRECATED_OBJC_IMPLEMENTATIONS = YES;
				CLANG_WARN_DIRECT_OBJC_ISA_USAGE = YES_ERROR;
				CLANG_WARN_DOCUMENTATION_COMMENTS = YES;
				CLANG_WARN_EMPTY_BODY = YES;
				CLANG_WARN_ENUM_CONVERSION = YES;
				CLANG_WARN_INFINITE_RECURSION = YES;
				CLANG_WARN_INT_CONVERSION = YES;
				CLANG_WARN_NON_LITERAL_NULL_CONVERSION = YES;
				CLANG_WARN_OBJC_IMPLICIT_RETAIN_SELF = YES;
				CLANG_WARN_OBJC_LITERAL_CONVERSION = YES;
				CLANG_WARN_OBJC_ROOT_CLASS = YES_ERROR;
				CLANG_WARN_QUOTED_INCLUDE_IN_FRAMEWORK_HEADER = YES;
				CLANG_WARN_RANGE_LOOP_ANALYSIS = YES;
				CLANG_WARN_STRICT_PROTOTYPES = YES;
				CLANG_WARN_SUSPICIOUS_MOVE = YES;
				CLANG_WARN_UNGUARDED_AVAILABILITY = YES_AGGRESSIVE;
				CLANG_WARN_UNREACHABLE_CODE = YES;
				CLANG_WARN__DUPLICATE_METHOD_MATCH = YES;
				COPY_PHASE_STRIP = NO;
				DEBUG_INFORMATION_FORMAT = dwarf;
				ENABLE_STRICT_OBJC_MSGSEND = YES;
				ENABLE_TESTABILITY = YES;
				GCC_C_LANGUAGE_STANDARD = gnu11;
				GCC_DYNAMIC_NO_PIC = NO;
				GCC_NO_COMMON_BLOCKS = YES;
				GCC_OPTIMIZATION_LEVEL = 0;
				GCC_PREPROCESSOR_DEFINITIONS = (
					"DEBUG=1",
					"$(inherited)",
				);
				GCC_WARN_64_TO_32_BIT_CONVERSION = YES;
				GCC_WARN_ABOUT_RETURN_TYPE = YES_ERROR;
				GCC_WARN_UNDECLARED_SELECTOR = YES;
				GCC_WARN_UNINITIALIZED_AUTOS = YES_AGGRESSIVE;
				GCC_WARN_UNUSED_FUNCTION = YES;
				GCC_WARN_UNUSED_VARIABLE = YES;
				MTL_ENABLE_DEBUG_INFO = INCLUDE_SOURCE;
				MTL_FAST_MATH = YES;
				ONLY_ACTIVE_ARCH = YES;
				SWIFT_ACTIVE_COMPILATION_CONDITIONS = DEBUG;
				SWIFT_OPTIMIZATION_LEVEL = "-Onone";
			};
			name = Debug;
		};
		507838A72769DF55006B9DCA /* Release */ = {
			isa = XCBuildConfiguration;
			buildSettings = {
				ALWAYS_SEARCH_USER_PATHS = NO;
				CLANG_ANALYZER_NONNULL = YES;
				CLANG_ANALYZER_NUMBER_OBJECT_CONVERSION = YES_AGGRESSIVE;
				CLANG_CXX_LANGUAGE_STANDARD = "gnu++17";
				CLANG_CXX_LIBRARY = "libc++";
				CLANG_ENABLE_MODULES = YES;
				CLANG_ENABLE_OBJC_ARC = YES;
				CLANG_ENABLE_OBJC_WEAK = YES;
				CLANG_WARN_BLOCK_CAPTURE_AUTORELEASING = YES;
				CLANG_WARN_BOOL_CONVERSION = YES;
				CLANG_WARN_COMMA = YES;
				CLANG_WARN_CONSTANT_CONVERSION = YES;
				CLANG_WARN_DEPRECATED_OBJC_IMPLEMENTATIONS = YES;
				CLANG_WARN_DIRECT_OBJC_ISA_USAGE = YES_ERROR;
				CLANG_WARN_DOCUMENTATION_COMMENTS = YES;
				CLANG_WARN_EMPTY_BODY = YES;
				CLANG_WARN_ENUM_CONVERSION = YES;
				CLANG_WARN_INFINITE_RECURSION = YES;
				CLANG_WARN_INT_CONVERSION = YES;
				CLANG_WARN_NON_LITERAL_NULL_CONVERSION = YES;
				CLANG_WARN_OBJC_IMPLICIT_RETAIN_SELF = YES;
				CLANG_WARN_OBJC_LITERAL_CONVERSION = YES;
				CLANG_WARN_OBJC_ROOT_CLASS = YES_ERROR;
				CLANG_WARN_QUOTED_INCLUDE_IN_FRAMEWORK_HEADER = YES;
				CLANG_WARN_RANGE_LOOP_ANALYSIS = YES;
				CLANG_WARN_STRICT_PROTOTYPES = YES;
				CLANG_WARN_SUSPICIOUS_MOVE = YES;
				CLANG_WARN_UNGUARDED_AVAILABILITY = YES_AGGRESSIVE;
				CLANG_WARN_UNREACHABLE_CODE = YES;
				CLANG_WARN__DUPLICATE_METHOD_MATCH = YES;
				COPY_PHASE_STRIP = NO;
				DEBUG_INFORMATION_FORMAT = "dwarf-with-dsym";
				ENABLE_NS_ASSERTIONS = NO;
				ENABLE_STRICT_OBJC_MSGSEND = YES;
				GCC_C_LANGUAGE_STANDARD = gnu11;
				GCC_NO_COMMON_BLOCKS = YES;
				GCC_WARN_64_TO_32_BIT_CONVERSION = YES;
				GCC_WARN_ABOUT_RETURN_TYPE = YES_ERROR;
				GCC_WARN_UNDECLARED_SELECTOR = YES;
				GCC_WARN_UNINITIALIZED_AUTOS = YES_AGGRESSIVE;
				GCC_WARN_UNUSED_FUNCTION = YES;
				GCC_WARN_UNUSED_VARIABLE = YES;
				MTL_ENABLE_DEBUG_INFO = NO;
				MTL_FAST_MATH = YES;
				SWIFT_COMPILATION_MODE = wholemodule;
				SWIFT_OPTIMIZATION_LEVEL = "-O";
			};
			name = Release;
		};
		507838A92769DF55006B9DCA /* Debug */ = {
			isa = XCBuildConfiguration;
			buildSettings = {
				ASSETCATALOG_COMPILER_APPICON_NAME = AppIcon;
				ASSETCATALOG_COMPILER_GLOBAL_ACCENT_COLOR_NAME = AccentColor;
				CODE_SIGN_STYLE = Automatic;
				CURRENT_PROJECT_VERSION = 1;
				ENABLE_PREVIEWS = YES;
				GENERATE_INFOPLIST_FILE = YES;
				INFOPLIST_KEY_UIApplicationSceneManifest_Generation = YES;
				INFOPLIST_KEY_UIApplicationSupportsIndirectInputEvents = YES;
				INFOPLIST_KEY_UILaunchScreen_Generation = YES;
				INFOPLIST_KEY_UISupportedInterfaceOrientations_iPad = "UIInterfaceOrientationPortrait UIInterfaceOrientationPortraitUpsideDown UIInterfaceOrientationLandscapeLeft UIInterfaceOrientationLandscapeRight";
				INFOPLIST_KEY_UISupportedInterfaceOrientations_iPhone = "UIInterfaceOrientationPortrait UIInterfaceOrientationLandscapeLeft UIInterfaceOrientationLandscapeRight";
				IPHONEOS_DEPLOYMENT_TARGET = 15.2;
				LD_RUNPATH_SEARCH_PATHS = (
					"$(inherited)",
					"@executable_path/Frameworks",
				);
				MARKETING_VERSION = 1.0;
				PRODUCT_BUNDLE_IDENTIFIER = kikikakakoko.newTest;
				PRODUCT_NAME = newTest;
				SDKROOT = iphoneos;
				SWIFT_EMIT_LOC_STRINGS = YES;
				SWIFT_VERSION = 5.0;
				TARGETED_DEVICE_FAMILY = "1,2";
			};
			name = Debug;
		};
		507838AA2769DF55006B9DCA /* Release */ = {
			isa = XCBuildConfiguration;
			buildSettings = {
				ASSETCATALOG_COMPILER_APPICON_NAME = AppIcon;
				ASSETCATALOG_COMPILER_GLOBAL_ACCENT_COLOR_NAME = AccentColor;
				CODE_SIGN_STYLE = Automatic;
				CURRENT_PROJECT_VERSION = 1;
				ENABLE_PREVIEWS = YES;
				GENERATE_INFOPLIST_FILE = YES;
				INFOPLIST_KEY_UIApplicationSceneManifest_Generation = YES;
				INFOPLIST_KEY_UIApplicationSupportsIndirectInputEvents = YES;
				INFOPLIST_KEY_UILaunchScreen_Generation = YES;
				INFOPLIST_KEY_UISupportedInterfaceOrientations_iPad = "UIInterfaceOrientationPortrait UIInterfaceOrientationPortraitUpsideDown UIInterfaceOrientationLandscapeLeft UIInterfaceOrientationLandscapeRight";
				INFOPLIST_KEY_UISupportedInterfaceOrientations_iPhone = "UIInterfaceOrientationPortrait UIInterfaceOrientationLandscapeLeft UIInterfaceOrientationLandscapeRight";
				IPHONEOS_DEPLOYMENT_TARGET = 15.2;
				LD_RUNPATH_SEARCH_PATHS = (
					"$(inherited)",
					"@executable_path/Frameworks",
				);
				MARKETING_VERSION = 1.0;
				PRODUCT_BUNDLE_IDENTIFIER = kikikakakoko.newTest;
				PRODUCT_NAME = newTest;
				SDKROOT = iphoneos;
				SWIFT_EMIT_LOC_STRINGS = YES;
				SWIFT_VERSION = 5.0;
				TARGETED_DEVICE_FAMILY = "1,2";
				VALIDATE_PRODUCT = YES;
			};
			name = Release;
		};
		507838AC2769DF55006B9DCA /* Debug */ = {
			isa = XCBuildConfiguration;
			buildSettings = {
				ASSETCATALOG_COMPILER_APPICON_NAME = AppIcon;
				ASSETCATALOG_COMPILER_GLOBAL_ACCENT_COLOR_NAME = AccentColor;
				CODE_SIGN_ENTITLEMENTS = macOS/macOS.entitlements;
				CODE_SIGN_STYLE = Automatic;
				COMBINE_HIDPI_IMAGES = YES;
				CURRENT_PROJECT_VERSION = 1;
				ENABLE_PREVIEWS = YES;
				GENERATE_INFOPLIST_FILE = YES;
				INFOPLIST_KEY_NSHumanReadableCopyright = "";
				LD_RUNPATH_SEARCH_PATHS = (
					"$(inherited)",
					"@executable_path/../Frameworks",
				);
				MACOSX_DEPLOYMENT_TARGET = 12.1;
				MARKETING_VERSION = 1.0;
				PRODUCT_BUNDLE_IDENTIFIER = kikikakakoko.newTest;
				PRODUCT_NAME = newTest;
				SDKROOT = macosx;
				SWIFT_EMIT_LOC_STRINGS = YES;
				SWIFT_VERSION = 5.0;
			};
			name = Debug;
		};
		507838AD2769DF55006B9DCA /* Release */ = {
			isa = XCBuildConfiguration;
			buildSettings = {
				ASSETCATALOG_COMPILER_APPICON_NAME = AppIcon;
				ASSETCATALOG_COMPILER_GLOBAL_ACCENT_COLOR_NAME = AccentColor;
				CODE_SIGN_ENTITLEMENTS = macOS/macOS.entitlements;
				CODE_SIGN_STYLE = Automatic;
				COMBINE_HIDPI_IMAGES = YES;
				CURRENT_PROJECT_VERSION = 1;
				ENABLE_PREVIEWS = YES;
				GENERATE_INFOPLIST_FILE = YES;
				INFOPLIST_KEY_NSHumanReadableCopyright = "";
				LD_RUNPATH_SEARCH_PATHS = (
					"$(inherited)",
					"@executable_path/../Frameworks",
				);
				MACOSX_DEPLOYMENT_TARGET = 12.1;
				MARKETING_VERSION = 1.0;
				PRODUCT_BUNDLE_IDENTIFIER = kikikakakoko.newTest;
				PRODUCT_NAME = newTest;
				SDKROOT = macosx;
				SWIFT_EMIT_LOC_STRINGS = YES;
				SWIFT_VERSION = 5.0;
			};
			name = Release;
		};
		507838AF2769DF55006B9DCA /* Debug */ = {
			isa = XCBuildConfiguration;
			buildSettings = {
				ALWAYS_EMBED_SWIFT_STANDARD_LIBRARIES = YES;
				CODE_SIGN_STYLE = Automatic;
				CURRENT_PROJECT_VERSION = 1;
				GENERATE_INFOPLIST_FILE = YES;
				IPHONEOS_DEPLOYMENT_TARGET = 15.2;
				MARKETING_VERSION = 1.0;
				PRODUCT_BUNDLE_IDENTIFIER = "kikikakakoko.Tests-iOS";
				PRODUCT_NAME = "$(TARGET_NAME)";
				SDKROOT = iphoneos;
				SWIFT_EMIT_LOC_STRINGS = NO;
				SWIFT_VERSION = 5.0;
				TARGETED_DEVICE_FAMILY = "1,2";
				TEST_TARGET_NAME = "newTest (iOS)";
			};
			name = Debug;
		};
		507838B02769DF55006B9DCA /* Release */ = {
			isa = XCBuildConfiguration;
			buildSettings = {
				ALWAYS_EMBED_SWIFT_STANDARD_LIBRARIES = YES;
				CODE_SIGN_STYLE = Automatic;
				CURRENT_PROJECT_VERSION = 1;
				GENERATE_INFOPLIST_FILE = YES;
				IPHONEOS_DEPLOYMENT_TARGET = 15.2;
				MARKETING_VERSION = 1.0;
				PRODUCT_BUNDLE_IDENTIFIER = "kikikakakoko.Tests-iOS";
				PRODUCT_NAME = "$(TARGET_NAME)";
				SDKROOT = iphoneos;
				SWIFT_EMIT_LOC_STRINGS = NO;
				SWIFT_VERSION = 5.0;
				TARGETED_DEVICE_FAMILY = "1,2";
				TEST_TARGET_NAME = "newTest (iOS)";
				VALIDATE_PRODUCT = YES;
			};
			name = Release;
		};
		507838B22769DF55006B9DCA /* Debug */ = {
			isa = XCBuildConfiguration;
			buildSettings = {
				ALWAYS_EMBED_SWIFT_STANDARD_LIBRARIES = YES;
				CODE_SIGN_STYLE = Automatic;
				CURRENT_PROJECT_VERSION = 1;
				GENERATE_INFOPLIST_FILE = YES;
				MACOSX_DEPLOYMENT_TARGET = 12.1;
				MARKETING_VERSION = 1.0;
				PRODUCT_BUNDLE_IDENTIFIER = "kikikakakoko.Tests-macOS";
				PRODUCT_NAME = "$(TARGET_NAME)";
				SDKROOT = macosx;
				SWIFT_EMIT_LOC_STRINGS = NO;
				SWIFT_VERSION = 5.0;
				TEST_TARGET_NAME = "newTest (macOS)";
			};
			name = Debug;
		};
		507838B32769DF55006B9DCA /* Release */ = {
			isa = XCBuildConfiguration;
			buildSettings = {
				ALWAYS_EMBED_SWIFT_STANDARD_LIBRARIES = YES;
				CODE_SIGN_STYLE = Automatic;
				CURRENT_PROJECT_VERSION = 1;
				GENERATE_INFOPLIST_FILE = YES;
				MACOSX_DEPLOYMENT_TARGET = 12.1;
				MARKETING_VERSION = 1.0;
				PRODUCT_BUNDLE_IDENTIFIER = "kikikakakoko.Tests-macOS";
				PRODUCT_NAME = "$(TARGET_NAME)";
				SDKROOT = macosx;
				SWIFT_EMIT_LOC_STRINGS = NO;
				SWIFT_VERSION = 5.0;
				TEST_TARGET_NAME = "newTest (macOS)";
			};
			name = Release;
		};
/* End XCBuildConfiguration section */

/* Begin XCConfigurationList section */
		507838762769DF54006B9DCA /* Build configuration list for PBXProject "newTest" */ = {
			isa = XCConfigurationList;
			buildConfigurations = (
				507838A62769DF55006B9DCA /* Debug */,
				507838A72769DF55006B9DCA /* Release */,
			);
			defaultConfigurationIsVisible = 0;
			defaultConfigurationName = Release;
		};
		507838A82769DF55006B9DCA /* Build configuration list for PBXNativeTarget "newTest (iOS)" */ = {
			isa = XCConfigurationList;
			buildConfigurations = (
				507838A92769DF55006B9DCA /* Debug */,
				507838AA2769DF55006B9DCA /* Release */,
			);
			defaultConfigurationIsVisible = 0;
			defaultConfigurationName = Release;
		};
		507838AB2769DF55006B9DCA /* Build configuration list for PBXNativeTarget "newTest (macOS)" */ = {
			isa = XCConfigurationList;
			buildConfigurations = (
				507838AC2769DF55006B9DCA /* Debug */,
				507838AD2769DF55006B9DCA /* Release */,
			);
			defaultConfigurationIsVisible = 0;
			defaultConfigurationName = Release;
		};
		507838AE2769DF55006B9DCA /* Build configuration list for PBXNativeTarget "Tests iOS" */ = {
			isa = XCConfigurationList;
			buildConfigurations = (
				507838AF2769DF55006B9DCA /* Debug */,
				507838B02769DF55006B9DCA /* Release */,
			);
			defaultConfigurationIsVisible = 0;
			defaultConfigurationName = Release;
		};
		507838B12769DF55006B9DCA /* Build configuration list for PBXNativeTarget "Tests macOS" */ = {
			isa = XCConfigurationList;
			buildConfigurations = (
				507838B22769DF55006B9DCA /* Debug */,
				507838B32769DF55006B9DCA /* Release */,
			);
			defaultConfigurationIsVisible = 0;
			defaultConfigurationName = Release;
		};
/* End XCConfigurationList section */
	};
	rootObject = 507838732769DF54006B9DCA /* Project object */;
}
