// !$*UTF8*$!
{
	archiveVersion = 1;
	classes = {
	};
	objectVersion = 55;
	objects = {

/* Begin PBXBuildFile section */
		50DFCBAD280407C90009DF55 /* AppDelegate.swift in Sources */ = {isa = PBXBuildFile; fileRef = 50DFCBAC280407C90009DF55 /* AppDelegate.swift */; };
		50DFCBAF280407C90009DF55 /* SceneDelegate.swift in Sources */ = {isa = PBXBuildFile; fileRef = 50DFCBAE280407C90009DF55 /* SceneDelegate.swift */; };
		50DFCBB1280407C90009DF55 /* ViewController.swift in Sources */ = {isa = PBXBuildFile; fileRef = 50DFCBB0280407C90009DF55 /* ViewController.swift */; };
		50DFCBB4280407C90009DF55 /* Main.storyboard in Resources */ = {isa = PBXBuildFile; fileRef = 50DFCBB2280407C90009DF55 /* Main.storyboard */; };
		50DFCBB6280407C90009DF55 /* Assets.xcassets in Resources */ = {isa = PBXBuildFile; fileRef = 50DFCBB5280407C90009DF55 /* Assets.xcassets */; };
		50DFCBB9280407C90009DF55 /* LaunchScreen.storyboard in Resources */ = {isa = PBXBuildFile; fileRef = 50DFCBB7280407C90009DF55 /* LaunchScreen.storyboard */; };
		50DFCBC4280407C90009DF55 /* GitGitTests.swift in Sources */ = {isa = PBXBuildFile; fileRef = 50DFCBC3280407C90009DF55 /* GitGitTests.swift */; };
		50DFCBCE280407CA0009DF55 /* GitGitUITests.swift in Sources */ = {isa = PBXBuildFile; fileRef = 50DFCBCD280407CA0009DF55 /* GitGitUITests.swift */; };
		50DFCBD0280407CA0009DF55 /* GitGitUITestsLaunchTests.swift in Sources */ = {isa = PBXBuildFile; fileRef = 50DFCBCF280407CA0009DF55 /* GitGitUITestsLaunchTests.swift */; };
/* End PBXBuildFile section */

/* Begin PBXContainerItemProxy section */
		50DFCBC0280407C90009DF55 /* PBXContainerItemProxy */ = {
			isa = PBXContainerItemProxy;
			containerPortal = 50DFCBA1280407C90009DF55 /* Project object */;
			proxyType = 1;
			remoteGlobalIDString = 50DFCBA8280407C90009DF55;
			remoteInfo = GitGit;
		};
		50DFCBCA280407C90009DF55 /* PBXContainerItemProxy */ = {
			isa = PBXContainerItemProxy;
			containerPortal = 50DFCBA1280407C90009DF55 /* Project object */;
			proxyType = 1;
			remoteGlobalIDString = 50DFCBA8280407C90009DF55;
			remoteInfo = GitGit;
		};
/* End PBXContainerItemProxy section */

/* Begin PBXFileReference section */
		50DFCBA9280407C90009DF55 /* GitGit.app */ = {isa = PBXFileReference; explicitFileType = wrapper.application; includeInIndex = 0; path = GitGit.app; sourceTree = BUILT_PRODUCTS_DIR; };
		50DFCBAC280407C90009DF55 /* AppDelegate.swift */ = {isa = PBXFileReference; lastKnownFileType = sourcecode.swift; path = AppDelegate.swift; sourceTree = "<group>"; };
		50DFCBAE280407C90009DF55 /* SceneDelegate.swift */ = {isa = PBXFileReference; lastKnownFileType = sourcecode.swift; path = SceneDelegate.swift; sourceTree = "<group>"; };
		50DFCBB0280407C90009DF55 /* ViewController.swift */ = {isa = PBXFileReference; lastKnownFileType = sourcecode.swift; path = ViewController.swift; sourceTree = "<group>"; };
		50DFCBB3280407C90009DF55 /* Base */ = {isa = PBXFileReference; lastKnownFileType = file.storyboard; name = Base; path = Base.lproj/Main.storyboard; sourceTree = "<group>"; };
		50DFCBB5280407C90009DF55 /* Assets.xcassets */ = {isa = PBXFileReference; lastKnownFileType = folder.assetcatalog; path = Assets.xcassets; sourceTree = "<group>"; };
		50DFCBB8280407C90009DF55 /* Base */ = {isa = PBXFileReference; lastKnownFileType = file.storyboard; name = Base; path = Base.lproj/LaunchScreen.storyboard; sourceTree = "<group>"; };
		50DFCBBA280407C90009DF55 /* Info.plist */ = {isa = PBXFileReference; lastKnownFileType = text.plist.xml; path = Info.plist; sourceTree = "<group>"; };
		50DFCBBF280407C90009DF55 /* GitGitTests.xctest */ = {isa = PBXFileReference; explicitFileType = wrapper.cfbundle; includeInIndex = 0; path = GitGitTests.xctest; sourceTree = BUILT_PRODUCTS_DIR; };
		50DFCBC3280407C90009DF55 /* GitGitTests.swift */ = {isa = PBXFileReference; lastKnownFileType = sourcecode.swift; path = GitGitTests.swift; sourceTree = "<group>"; };
		50DFCBC9280407C90009DF55 /* GitGitUITests.xctest */ = {isa = PBXFileReference; explicitFileType = wrapper.cfbundle; includeInIndex = 0; path = GitGitUITests.xctest; sourceTree = BUILT_PRODUCTS_DIR; };
		50DFCBCD280407CA0009DF55 /* GitGitUITests.swift */ = {isa = PBXFileReference; lastKnownFileType = sourcecode.swift; path = GitGitUITests.swift; sourceTree = "<group>"; };
		50DFCBCF280407CA0009DF55 /* GitGitUITestsLaunchTests.swift */ = {isa = PBXFileReference; lastKnownFileType = sourcecode.swift; path = GitGitUITestsLaunchTests.swift; sourceTree = "<group>"; };
/* End PBXFileReference section */

/* Begin PBXFrameworksBuildPhase section */
		50DFCBA6280407C90009DF55 /* Frameworks */ = {
			isa = PBXFrameworksBuildPhase;
			buildActionMask = 2147483647;
			files = (
			);
			runOnlyForDeploymentPostprocessing = 0;
		};
		50DFCBBC280407C90009DF55 /* Frameworks */ = {
			isa = PBXFrameworksBuildPhase;
			buildActionMask = 2147483647;
			files = (
			);
			runOnlyForDeploymentPostprocessing = 0;
		};
		50DFCBC6280407C90009DF55 /* Frameworks */ = {
			isa = PBXFrameworksBuildPhase;
			buildActionMask = 2147483647;
			files = (
			);
			runOnlyForDeploymentPostprocessing = 0;
		};
/* End PBXFrameworksBuildPhase section */

/* Begin PBXGroup section */
		50DFCBA0280407C90009DF55 = {
			isa = PBXGroup;
			children = (
				50DFCBAB280407C90009DF55 /* GitGit */,
				50DFCBC2280407C90009DF55 /* GitGitTests */,
				50DFCBCC280407CA0009DF55 /* GitGitUITests */,
				50DFCBAA280407C90009DF55 /* Products */,
			);
			sourceTree = "<group>";
		};
		50DFCBAA280407C90009DF55 /* Products */ = {
			isa = PBXGroup;
			children = (
				50DFCBA9280407C90009DF55 /* GitGit.app */,
				50DFCBBF280407C90009DF55 /* GitGitTests.xctest */,
				50DFCBC9280407C90009DF55 /* GitGitUITests.xctest */,
			);
			name = Products;
			sourceTree = "<group>";
		};
		50DFCBAB280407C90009DF55 /* GitGit */ = {
			isa = PBXGroup;
			children = (
				50DFCBAC280407C90009DF55 /* AppDelegate.swift */,
				50DFCBAE280407C90009DF55 /* SceneDelegate.swift */,
				50DFCBB0280407C90009DF55 /* ViewController.swift */,
				50DFCBB2280407C90009DF55 /* Main.storyboard */,
				50DFCBB5280407C90009DF55 /* Assets.xcassets */,
				50DFCBB7280407C90009DF55 /* LaunchScreen.storyboard */,
				50DFCBBA280407C90009DF55 /* Info.plist */,
			);
			path = GitGit;
			sourceTree = "<group>";
		};
		50DFCBC2280407C90009DF55 /* GitGitTests */ = {
			isa = PBXGroup;
			children = (
				50DFCBC3280407C90009DF55 /* GitGitTests.swift */,
			);
			path = GitGitTests;
			sourceTree = "<group>";
		};
		50DFCBCC280407CA0009DF55 /* GitGitUITests */ = {
			isa = PBXGroup;
			children = (
				50DFCBCD280407CA0009DF55 /* GitGitUITests.swift */,
				50DFCBCF280407CA0009DF55 /* GitGitUITestsLaunchTests.swift */,
			);
			path = GitGitUITests;
			sourceTree = "<group>";
		};
/* End PBXGroup section */

/* Begin PBXNativeTarget section */
		50DFCBA8280407C90009DF55 /* GitGit */ = {
			isa = PBXNativeTarget;
			buildConfigurationList = 50DFCBD3280407CA0009DF55 /* Build configuration list for PBXNativeTarget "GitGit" */;
			buildPhases = (
				50DFCBA5280407C90009DF55 /* Sources */,
				50DFCBA6280407C90009DF55 /* Frameworks */,
				50DFCBA7280407C90009DF55 /* Resources */,
			);
			buildRules = (
			);
			dependencies = (
			);
			name = GitGit;
			productName = GitGit;
			productReference = 50DFCBA9280407C90009DF55 /* GitGit.app */;
			productType = "com.apple.product-type.application";
		};
		50DFCBBE280407C90009DF55 /* GitGitTests */ = {
			isa = PBXNativeTarget;
			buildConfigurationList = 50DFCBD6280407CA0009DF55 /* Build configuration list for PBXNativeTarget "GitGitTests" */;
			buildPhases = (
				50DFCBBB280407C90009DF55 /* Sources */,
				50DFCBBC280407C90009DF55 /* Frameworks */,
				50DFCBBD280407C90009DF55 /* Resources */,
			);
			buildRules = (
			);
			dependencies = (
				50DFCBC1280407C90009DF55 /* PBXTargetDependency */,
			);
			name = GitGitTests;
			productName = GitGitTests;
			productReference = 50DFCBBF280407C90009DF55 /* GitGitTests.xctest */;
			productType = "com.apple.product-type.bundle.unit-test";
		};
		50DFCBC8280407C90009DF55 /* GitGitUITests */ = {
			isa = PBXNativeTarget;
			buildConfigurationList = 50DFCBD9280407CA0009DF55 /* Build configuration list for PBXNativeTarget "GitGitUITests" */;
			buildPhases = (
				50DFCBC5280407C90009DF55 /* Sources */,
				50DFCBC6280407C90009DF55 /* Frameworks */,
				50DFCBC7280407C90009DF55 /* Resources */,
			);
			buildRules = (
			);
			dependencies = (
				50DFCBCB280407C90009DF55 /* PBXTargetDependency */,
			);
			name = GitGitUITests;
			productName = GitGitUITests;
			productReference = 50DFCBC9280407C90009DF55 /* GitGitUITests.xctest */;
			productType = "com.apple.product-type.bundle.ui-testing";
		};
/* End PBXNativeTarget section */

/* Begin PBXProject section */
		50DFCBA1280407C90009DF55 /* Project object */ = {
			isa = PBXProject;
			attributes = {
				BuildIndependentTargetsInParallel = 1;
				LastSwiftUpdateCheck = 1320;
				LastUpgradeCheck = 1320;
				TargetAttributes = {
					50DFCBA8280407C90009DF55 = {
						CreatedOnToolsVersion = 13.2.1;
					};
					50DFCBBE280407C90009DF55 = {
						CreatedOnToolsVersion = 13.2.1;
						TestTargetID = 50DFCBA8280407C90009DF55;
					};
					50DFCBC8280407C90009DF55 = {
						CreatedOnToolsVersion = 13.2.1;
						TestTargetID = 50DFCBA8280407C90009DF55;
					};
				};
			};
			buildConfigurationList = 50DFCBA4280407C90009DF55 /* Build configuration list for PBXProject "GitGit" */;
			compatibilityVersion = "Xcode 13.0";
			developmentRegion = en;
			hasScannedForEncodings = 0;
			knownRegions = (
				en,
				Base,
			);
			mainGroup = 50DFCBA0280407C90009DF55;
			productRefGroup = 50DFCBAA280407C90009DF55 /* Products */;
			projectDirPath = "";
			projectRoot = "";
			targets = (
				50DFCBA8280407C90009DF55 /* GitGit */,
				50DFCBBE280407C90009DF55 /* GitGitTests */,
				50DFCBC8280407C90009DF55 /* GitGitUITests */,
			);
		};
/* End PBXProject section */

/* Begin PBXResourcesBuildPhase section */
		50DFCBA7280407C90009DF55 /* Resources */ = {
			isa = PBXResourcesBuildPhase;
			buildActionMask = 2147483647;
			files = (
				50DFCBB9280407C90009DF55 /* LaunchScreen.storyboard in Resources */,
				50DFCBB6280407C90009DF55 /* Assets.xcassets in Resources */,
				50DFCBB4280407C90009DF55 /* Main.storyboard in Resources */,
			);
			runOnlyForDeploymentPostprocessing = 0;
		};
		50DFCBBD280407C90009DF55 /* Resources */ = {
			isa = PBXResourcesBuildPhase;
			buildActionMask = 2147483647;
			files = (
			);
			runOnlyForDeploymentPostprocessing = 0;
		};
		50DFCBC7280407C90009DF55 /* Resources */ = {
			isa = PBXResourcesBuildPhase;
			buildActionMask = 2147483647;
			files = (
			);
			runOnlyForDeploymentPostprocessing = 0;
		};
/* End PBXResourcesBuildPhase section */

/* Begin PBXSourcesBuildPhase section */
		50DFCBA5280407C90009DF55 /* Sources */ = {
			isa = PBXSourcesBuildPhase;
			buildActionMask = 2147483647;
			files = (
				50DFCBB1280407C90009DF55 /* ViewController.swift in Sources */,
				50DFCBAD280407C90009DF55 /* AppDelegate.swift in Sources */,
				50DFCBAF280407C90009DF55 /* SceneDelegate.swift in Sources */,
			);
			runOnlyForDeploymentPostprocessing = 0;
		};
		50DFCBBB280407C90009DF55 /* Sources */ = {
			isa = PBXSourcesBuildPhase;
			buildActionMask = 2147483647;
			files = (
				50DFCBC4280407C90009DF55 /* GitGitTests.swift in Sources */,
			);
			runOnlyForDeploymentPostprocessing = 0;
		};
		50DFCBC5280407C90009DF55 /* Sources */ = {
			isa = PBXSourcesBuildPhase;
			buildActionMask = 2147483647;
			files = (
				50DFCBD0280407CA0009DF55 /* GitGitUITestsLaunchTests.swift in Sources */,
				50DFCBCE280407CA0009DF55 /* GitGitUITests.swift in Sources */,
			);
			runOnlyForDeploymentPostprocessing = 0;
		};
/* End PBXSourcesBuildPhase section */

/* Begin PBXTargetDependency section */
		50DFCBC1280407C90009DF55 /* PBXTargetDependency */ = {
			isa = PBXTargetDependency;
			target = 50DFCBA8280407C90009DF55 /* GitGit */;
			targetProxy = 50DFCBC0280407C90009DF55 /* PBXContainerItemProxy */;
		};
		50DFCBCB280407C90009DF55 /* PBXTargetDependency */ = {
			isa = PBXTargetDependency;
			target = 50DFCBA8280407C90009DF55 /* GitGit */;
			targetProxy = 50DFCBCA280407C90009DF55 /* PBXContainerItemProxy */;
		};
/* End PBXTargetDependency section */

/* Begin PBXVariantGroup section */
		50DFCBB2280407C90009DF55 /* Main.storyboard */ = {
			isa = PBXVariantGroup;
			children = (
				50DFCBB3280407C90009DF55 /* Base */,
			);
			name = Main.storyboard;
			sourceTree = "<group>";
		};
		50DFCBB7280407C90009DF55 /* LaunchScreen.storyboard */ = {
			isa = PBXVariantGroup;
			children = (
				50DFCBB8280407C90009DF55 /* Base */,
			);
			name = LaunchScreen.storyboard;
			sourceTree = "<group>";
		};
/* End PBXVariantGroup section */

/* Begin XCBuildConfiguration section */
		50DFCBD1280407CA0009DF55 /* Debug */ = {
			isa = XCBuildConfiguration;
			buildSettings = {
				ALWAYS_SEARCH_USER_PATHS = NO;
				CLANG_ANALYZER_NONNULL = YES;
				CLANG_ANALYZER_NUMBER_OBJECT_CONVERSION = YES_AGGRESSIVE;
				CLANG_CXX_LANGUAGE_STANDARD = "gnu++17";
				CLANG_CXX_LIBRARY = "libc++";
				CLANG_ENABLE_MODULES = YES;
				CLANG_ENABLE_OBJC_ARC = YES;
				CLANG_ENABLE_OBJC_WEAK = YES;
				CLANG_WARN_BLOCK_CAPTURE_AUTORELEASING = YES;
				CLANG_WARN_BOOL_CONVERSION = YES;
				CLANG_WARN_COMMA = YES;
				CLANG_WARN_CONSTANT_CONVERSION = YES;
				CLANG_WARN_DEPRECATED_OBJC_IMPLEMENTATIONS = YES;
				CLANG_WARN_DIRECT_OBJC_ISA_USAGE = YES_ERROR;
				CLANG_WARN_DOCUMENTATION_COMMENTS = YES;
				CLANG_WARN_EMPTY_BODY = YES;
				CLANG_WARN_ENUM_CONVERSION = YES;
				CLANG_WARN_INFINITE_RECURSION = YES;
				CLANG_WARN_INT_CONVERSION = YES;
				CLANG_WARN_NON_LITERAL_NULL_CONVERSION = YES;
				CLANG_WARN_OBJC_IMPLICIT_RETAIN_SELF = YES;
				CLANG_WARN_OBJC_LITERAL_CONVERSION = YES;
				CLANG_WARN_OBJC_ROOT_CLASS = YES_ERROR;
				CLANG_WARN_QUOTED_INCLUDE_IN_FRAMEWORK_HEADER = YES;
				CLANG_WARN_RANGE_LOOP_ANALYSIS = YES;
				CLANG_WARN_STRICT_PROTOTYPES = YES;
				CLANG_WARN_SUSPICIOUS_MOVE = YES;
				CLANG_WARN_UNGUARDED_AVAILABILITY = YES_AGGRESSIVE;
				CLANG_WARN_UNREACHABLE_CODE = YES;
				CLANG_WARN__DUPLICATE_METHOD_MATCH = YES;
				COPY_PHASE_STRIP = NO;
				DEBUG_INFORMATION_FORMAT = dwarf;
				ENABLE_STRICT_OBJC_MSGSEND = YES;
				ENABLE_TESTABILITY = YES;
				GCC_C_LANGUAGE_STANDARD = gnu11;
				GCC_DYNAMIC_NO_PIC = NO;
				GCC_NO_COMMON_BLOCKS = YES;
				GCC_OPTIMIZATION_LEVEL = 0;
				GCC_PREPROCESSOR_DEFINITIONS = (
					"DEBUG=1",
					"$(inherited)",
				);
				GCC_WARN_64_TO_32_BIT_CONVERSION = YES;
				GCC_WARN_ABOUT_RETURN_TYPE = YES_ERROR;
				GCC_WARN_UNDECLARED_SELECTOR = YES;
				GCC_WARN_UNINITIALIZED_AUTOS = YES_AGGRESSIVE;
				GCC_WARN_UNUSED_FUNCTION = YES;
				GCC_WARN_UNUSED_VARIABLE = YES;
				IPHONEOS_DEPLOYMENT_TARGET = 15.2;
				MTL_ENABLE_DEBUG_INFO = INCLUDE_SOURCE;
				MTL_FAST_MATH = YES;
				ONLY_ACTIVE_ARCH = YES;
				SDKROOT = iphoneos;
				SWIFT_ACTIVE_COMPILATION_CONDITIONS = DEBUG;
				SWIFT_OPTIMIZATION_LEVEL = "-Onone";
			};
			name = Debug;
		};
		50DFCBD2280407CA0009DF55 /* Release */ = {
			isa = XCBuildConfiguration;
			buildSettings = {
				ALWAYS_SEARCH_USER_PATHS = NO;
				CLANG_ANALYZER_NONNULL = YES;
				CLANG_ANALYZER_NUMBER_OBJECT_CONVERSION = YES_AGGRESSIVE;
				CLANG_CXX_LANGUAGE_STANDARD = "gnu++17";
				CLANG_CXX_LIBRARY = "libc++";
				CLANG_ENABLE_MODULES = YES;
				CLANG_ENABLE_OBJC_ARC = YES;
				CLANG_ENABLE_OBJC_WEAK = YES;
				CLANG_WARN_BLOCK_CAPTURE_AUTORELEASING = YES;
				CLANG_WARN_BOOL_CONVERSION = YES;
				CLANG_WARN_COMMA = YES;
				CLANG_WARN_CONSTANT_CONVERSION = YES;
				CLANG_WARN_DEPRECATED_OBJC_IMPLEMENTATIONS = YES;
				CLANG_WARN_DIRECT_OBJC_ISA_USAGE = YES_ERROR;
				CLANG_WARN_DOCUMENTATION_COMMENTS = YES;
				CLANG_WARN_EMPTY_BODY = YES;
				CLANG_WARN_ENUM_CONVERSION = YES;
				CLANG_WARN_INFINITE_RECURSION = YES;
				CLANG_WARN_INT_CONVERSION = YES;
				CLANG_WARN_NON_LITERAL_NULL_CONVERSION = YES;
				CLANG_WARN_OBJC_IMPLICIT_RETAIN_SELF = YES;
				CLANG_WARN_OBJC_LITERAL_CONVERSION = YES;
				CLANG_WARN_OBJC_ROOT_CLASS = YES_ERROR;
				CLANG_WARN_QUOTED_INCLUDE_IN_FRAMEWORK_HEADER = YES;
				CLANG_WARN_RANGE_LOOP_ANALYSIS = YES;
				CLANG_WARN_STRICT_PROTOTYPES = YES;
				CLANG_WARN_SUSPICIOUS_MOVE = YES;
				CLANG_WARN_UNGUARDED_AVAILABILITY = YES_AGGRESSIVE;
				CLANG_WARN_UNREACHABLE_CODE = YES;
				CLANG_WARN__DUPLICATE_METHOD_MATCH = YES;
				COPY_PHASE_STRIP = NO;
				DEBUG_INFORMATION_FORMAT = "dwarf-with-dsym";
				ENABLE_NS_ASSERTIONS = NO;
				ENABLE_STRICT_OBJC_MSGSEND = YES;
				GCC_C_LANGUAGE_STANDARD = gnu11;
				GCC_NO_COMMON_BLOCKS = YES;
				GCC_WARN_64_TO_32_BIT_CONVERSION = YES;
				GCC_WARN_ABOUT_RETURN_TYPE = YES_ERROR;
				GCC_WARN_UNDECLARED_SELECTOR = YES;
				GCC_WARN_UNINITIALIZED_AUTOS = YES_AGGRESSIVE;
				GCC_WARN_UNUSED_FUNCTION = YES;
				GCC_WARN_UNUSED_VARIABLE = YES;
				IPHONEOS_DEPLOYMENT_TARGET = 15.2;
				MTL_ENABLE_DEBUG_INFO = NO;
				MTL_FAST_MATH = YES;
				SDKROOT = iphoneos;
				SWIFT_COMPILATION_MODE = wholemodule;
				SWIFT_OPTIMIZATION_LEVEL = "-O";
				VALIDATE_PRODUCT = YES;
			};
			name = Release;
		};
		50DFCBD4280407CA0009DF55 /* Debug */ = {
			isa = XCBuildConfiguration;
			buildSettings = {
				ASSETCATALOG_COMPILER_APPICON_NAME = AppIcon;
				ASSETCATALOG_COMPILER_GLOBAL_ACCENT_COLOR_NAME = AccentColor;
				CODE_SIGN_STYLE = Automatic;
				CURRENT_PROJECT_VERSION = 1;
				DEVELOPMENT_TEAM = 4P36K59UYW;
				GENERATE_INFOPLIST_FILE = YES;
				INFOPLIST_FILE = GitGit/Info.plist;
				INFOPLIST_KEY_UIApplicationSupportsIndirectInputEvents = YES;
				INFOPLIST_KEY_UILaunchStoryboardName = LaunchScreen;
				INFOPLIST_KEY_UIMainStoryboardFile = Main;
				INFOPLIST_KEY_UISupportedInterfaceOrientations_iPad = "UIInterfaceOrientationPortrait UIInterfaceOrientationPortraitUpsideDown UIInterfaceOrientationLandscapeLeft UIInterfaceOrientationLandscapeRight";
				INFOPLIST_KEY_UISupportedInterfaceOrientations_iPhone = "UIInterfaceOrientationPortrait UIInterfaceOrientationLandscapeLeft UIInterfaceOrientationLandscapeRight";
				LD_RUNPATH_SEARCH_PATHS = (
					"$(inherited)",
					"@executable_path/Frameworks",
				);
				MARKETING_VERSION = 1.0;
				PRODUCT_BUNDLE_IDENTIFIER = kikikakakoko.GitGit;
				PRODUCT_NAME = "$(TARGET_NAME)";
				SWIFT_EMIT_LOC_STRINGS = YES;
				SWIFT_VERSION = 5.0;
				TARGETED_DEVICE_FAMILY = "1,2";
			};
			name = Debug;
		};
		50DFCBD5280407CA0009DF55 /* Release */ = {
			isa = XCBuildConfiguration;
			buildSettings = {
				ASSETCATALOG_COMPILER_APPICON_NAME = AppIcon;
				ASSETCATALOG_COMPILER_GLOBAL_ACCENT_COLOR_NAME = AccentColor;
				CODE_SIGN_STYLE = Automatic;
				CURRENT_PROJECT_VERSION = 1;
				DEVELOPMENT_TEAM = 4P36K59UYW;
				GENERATE_INFOPLIST_FILE = YES;
				INFOPLIST_FILE = GitGit/Info.plist;
				INFOPLIST_KEY_UIApplicationSupportsIndirectInputEvents = YES;
				INFOPLIST_KEY_UILaunchStoryboardName = LaunchScreen;
				INFOPLIST_KEY_UIMainStoryboardFile = Main;
				INFOPLIST_KEY_UISupportedInterfaceOrientations_iPad = "UIInterfaceOrientationPortrait UIInterfaceOrientationPortraitUpsideDown UIInterfaceOrientationLandscapeLeft UIInterfaceOrientationLandscapeRight";
				INFOPLIST_KEY_UISupportedInterfaceOrientations_iPhone = "UIInterfaceOrientationPortrait UIInterfaceOrientationLandscapeLeft UIInterfaceOrientationLandscapeRight";
				LD_RUNPATH_SEARCH_PATHS = (
					"$(inherited)",
					"@executable_path/Frameworks",
				);
				MARKETING_VERSION = 1.0;
				PRODUCT_BUNDLE_IDENTIFIER = kikikakakoko.GitGit;
				PRODUCT_NAME = "$(TARGET_NAME)";
				SWIFT_EMIT_LOC_STRINGS = YES;
				SWIFT_VERSION = 5.0;
				TARGETED_DEVICE_FAMILY = "1,2";
			};
			name = Release;
		};
		50DFCBD7280407CA0009DF55 /* Debug */ = {
			isa = XCBuildConfiguration;
			buildSettings = {
				ALWAYS_EMBED_SWIFT_STANDARD_LIBRARIES = YES;
				BUNDLE_LOADER = "$(TEST_HOST)";
				CODE_SIGN_STYLE = Automatic;
				CURRENT_PROJECT_VERSION = 1;
				DEVELOPMENT_TEAM = 4P36K59UYW;
				GENERATE_INFOPLIST_FILE = YES;
				IPHONEOS_DEPLOYMENT_TARGET = 15.2;
				MARKETING_VERSION = 1.0;
				PRODUCT_BUNDLE_IDENTIFIER = kikikakakoko.GitGitTests;
				PRODUCT_NAME = "$(TARGET_NAME)";
				SWIFT_EMIT_LOC_STRINGS = NO;
				SWIFT_VERSION = 5.0;
				TARGETED_DEVICE_FAMILY = "1,2";
				TEST_HOST = "$(BUILT_PRODUCTS_DIR)/GitGit.app/GitGit";
			};
			name = Debug;
		};
		50DFCBD8280407CA0009DF55 /* Release */ = {
			isa = XCBuildConfiguration;
			buildSettings = {
				ALWAYS_EMBED_SWIFT_STANDARD_LIBRARIES = YES;
				BUNDLE_LOADER = "$(TEST_HOST)";
				CODE_SIGN_STYLE = Automatic;
				CURRENT_PROJECT_VERSION = 1;
				DEVELOPMENT_TEAM = 4P36K59UYW;
				GENERATE_INFOPLIST_FILE = YES;
				IPHONEOS_DEPLOYMENT_TARGET = 15.2;
				MARKETING_VERSION = 1.0;
				PRODUCT_BUNDLE_IDENTIFIER = kikikakakoko.GitGitTests;
				PRODUCT_NAME = "$(TARGET_NAME)";
				SWIFT_EMIT_LOC_STRINGS = NO;
				SWIFT_VERSION = 5.0;
				TARGETED_DEVICE_FAMILY = "1,2";
				TEST_HOST = "$(BUILT_PRODUCTS_DIR)/GitGit.app/GitGit";
			};
			name = Release;
		};
		50DFCBDA280407CA0009DF55 /* Debug */ = {
			isa = XCBuildConfiguration;
			buildSettings = {
				ALWAYS_EMBED_SWIFT_STANDARD_LIBRARIES = YES;
				CODE_SIGN_STYLE = Automatic;
				CURRENT_PROJECT_VERSION = 1;
				DEVELOPMENT_TEAM = 4P36K59UYW;
				GENERATE_INFOPLIST_FILE = YES;
				MARKETING_VERSION = 1.0;
				PRODUCT_BUNDLE_IDENTIFIER = kikikakakoko.GitGitUITests;
				PRODUCT_NAME = "$(TARGET_NAME)";
				SWIFT_EMIT_LOC_STRINGS = NO;
				SWIFT_VERSION = 5.0;
				TARGETED_DEVICE_FAMILY = "1,2";
				TEST_TARGET_NAME = GitGit;
			};
			name = Debug;
		};
		50DFCBDB280407CA0009DF55 /* Release */ = {
			isa = XCBuildConfiguration;
			buildSettings = {
				ALWAYS_EMBED_SWIFT_STANDARD_LIBRARIES = YES;
				CODE_SIGN_STYLE = Automatic;
				CURRENT_PROJECT_VERSION = 1;
				DEVELOPMENT_TEAM = 4P36K59UYW;
				GENERATE_INFOPLIST_FILE = YES;
				MARKETING_VERSION = 1.0;
				PRODUCT_BUNDLE_IDENTIFIER = kikikakakoko.GitGitUITests;
				PRODUCT_NAME = "$(TARGET_NAME)";
				SWIFT_EMIT_LOC_STRINGS = NO;
				SWIFT_VERSION = 5.0;
				TARGETED_DEVICE_FAMILY = "1,2";
				TEST_TARGET_NAME = GitGit;
			};
			name = Release;
		};
/* End XCBuildConfiguration section */

/* Begin XCConfigurationList section */
		50DFCBA4280407C90009DF55 /* Build configuration list for PBXProject "GitGit" */ = {
			isa = XCConfigurationList;
			buildConfigurations = (
				50DFCBD1280407CA0009DF55 /* Debug */,
				50DFCBD2280407CA0009DF55 /* Release */,
			);
			defaultConfigurationIsVisible = 0;
			defaultConfigurationName = Release;
		};
		50DFCBD3280407CA0009DF55 /* Build configuration list for PBXNativeTarget "GitGit" */ = {
			isa = XCConfigurationList;
			buildConfigurations = (
				50DFCBD4280407CA0009DF55 /* Debug */,
				50DFCBD5280407CA0009DF55 /* Release */,
			);
			defaultConfigurationIsVisible = 0;
			defaultConfigurationName = Release;
		};
		50DFCBD6280407CA0009DF55 /* Build configuration list for PBXNativeTarget "GitGitTests" */ = {
			isa = XCConfigurationList;
			buildConfigurations = (
				50DFCBD7280407CA0009DF55 /* Debug */,
				50DFCBD8280407CA0009DF55 /* Release */,
			);
			defaultConfigurationIsVisible = 0;
			defaultConfigurationName = Release;
		};
		50DFCBD9280407CA0009DF55 /* Build configuration list for PBXNativeTarget "GitGitUITests" */ = {
			isa = XCConfigurationList;
			buildConfigurations = (
				50DFCBDA280407CA0009DF55 /* Debug */,
				50DFCBDB280407CA0009DF55 /* Release */,
			);
			defaultConfigurationIsVisible = 0;
			defaultConfigurationName = Release;
		};
/* End XCConfigurationList section */
	};
	rootObject = 50DFCBA1280407C90009DF55 /* Project object */;
}
