// !$*UTF8*$!
{
	archiveVersion = 1;
	classes = {
	};
	objectVersion = 55;
	objects = {

/* Begin PBXBuildFile section */
		50A7FA852769E8E5001BF59F /* AppDelegate.swift in Sources */ = {isa = PBXBuildFile; fileRef = 50A7FA842769E8E5001BF59F /* AppDelegate.swift */; };
		50A7FA872769E8E5001BF59F /* SceneDelegate.swift in Sources */ = {isa = PBXBuildFile; fileRef = 50A7FA862769E8E5001BF59F /* SceneDelegate.swift */; };
		50A7FA892769E8E5001BF59F /* ViewController.swift in Sources */ = {isa = PBXBuildFile; fileRef = 50A7FA882769E8E5001BF59F /* ViewController.swift */; };
		50A7FA8C2769E8E5001BF59F /* Main.storyboard in Resources */ = {isa = PBXBuildFile; fileRef = 50A7FA8A2769E8E5001BF59F /* Main.storyboard */; };
		50A7FA8E2769E8E6001BF59F /* Assets.xcassets in Resources */ = {isa = PBXBuildFile; fileRef = 50A7FA8D2769E8E6001BF59F /* Assets.xcassets */; };
		50A7FA912769E8E6001BF59F /* LaunchScreen.storyboard in Resources */ = {isa = PBXBuildFile; fileRef = 50A7FA8F2769E8E6001BF59F /* LaunchScreen.storyboard */; };
		50A7FA9C2769E8E6001BF59F /* Firestore_DemoTests.swift in Sources */ = {isa = PBXBuildFile; fileRef = 50A7FA9B2769E8E6001BF59F /* Firestore_DemoTests.swift */; };
		50A7FAA62769E8E6001BF59F /* Firestore_DemoUITests.swift in Sources */ = {isa = PBXBuildFile; fileRef = 50A7FAA52769E8E6001BF59F /* Firestore_DemoUITests.swift */; };
		50A7FAA82769E8E6001BF59F /* Firestore_DemoUITestsLaunchTests.swift in Sources */ = {isa = PBXBuildFile; fileRef = 50A7FAA72769E8E6001BF59F /* Firestore_DemoUITestsLaunchTests.swift */; };
/* End PBXBuildFile section */

/* Begin PBXContainerItemProxy section */
		50A7FA982769E8E6001BF59F /* PBXContainerItemProxy */ = {
			isa = PBXContainerItemProxy;
			containerPortal = 50A7FA792769E8E5001BF59F /* Project object */;
			proxyType = 1;
			remoteGlobalIDString = 50A7FA802769E8E5001BF59F;
			remoteInfo = "Firestore Demo";
		};
		50A7FAA22769E8E6001BF59F /* PBXContainerItemProxy */ = {
			isa = PBXContainerItemProxy;
			containerPortal = 50A7FA792769E8E5001BF59F /* Project object */;
			proxyType = 1;
			remoteGlobalIDString = 50A7FA802769E8E5001BF59F;
			remoteInfo = "Firestore Demo";
		};
/* End PBXContainerItemProxy section */

/* Begin PBXFileReference section */
		50A7FA812769E8E5001BF59F /* Firestore Demo.app */ = {isa = PBXFileReference; explicitFileType = wrapper.application; includeInIndex = 0; path = "Firestore Demo.app"; sourceTree = BUILT_PRODUCTS_DIR; };
		50A7FA842769E8E5001BF59F /* AppDelegate.swift */ = {isa = PBXFileReference; lastKnownFileType = sourcecode.swift; path = AppDelegate.swift; sourceTree = "<group>"; };
		50A7FA862769E8E5001BF59F /* SceneDelegate.swift */ = {isa = PBXFileReference; lastKnownFileType = sourcecode.swift; path = SceneDelegate.swift; sourceTree = "<group>"; };
		50A7FA882769E8E5001BF59F /* ViewController.swift */ = {isa = PBXFileReference; lastKnownFileType = sourcecode.swift; path = ViewController.swift; sourceTree = "<group>"; };
		50A7FA8B2769E8E5001BF59F /* Base */ = {isa = PBXFileReference; lastKnownFileType = file.storyboard; name = Base; path = Base.lproj/Main.storyboard; sourceTree = "<group>"; };
		50A7FA8D2769E8E6001BF59F /* Assets.xcassets */ = {isa = PBXFileReference; lastKnownFileType = folder.assetcatalog; path = Assets.xcassets; sourceTree = "<group>"; };
		50A7FA902769E8E6001BF59F /* Base */ = {isa = PBXFileReference; lastKnownFileType = file.storyboard; name = Base; path = Base.lproj/LaunchScreen.storyboard; sourceTree = "<group>"; };
		50A7FA922769E8E6001BF59F /* Info.plist */ = {isa = PBXFileReference; lastKnownFileType = text.plist.xml; path = Info.plist; sourceTree = "<group>"; };
		50A7FA972769E8E6001BF59F /* Firestore DemoTests.xctest */ = {isa = PBXFileReference; explicitFileType = wrapper.cfbundle; includeInIndex = 0; path = "Firestore DemoTests.xctest"; sourceTree = BUILT_PRODUCTS_DIR; };
		50A7FA9B2769E8E6001BF59F /* Firestore_DemoTests.swift */ = {isa = PBXFileReference; lastKnownFileType = sourcecode.swift; path = Firestore_DemoTests.swift; sourceTree = "<group>"; };
		50A7FAA12769E8E6001BF59F /* Firestore DemoUITests.xctest */ = {isa = PBXFileReference; explicitFileType = wrapper.cfbundle; includeInIndex = 0; path = "Firestore DemoUITests.xctest"; sourceTree = BUILT_PRODUCTS_DIR; };
		50A7FAA52769E8E6001BF59F /* Firestore_DemoUITests.swift */ = {isa = PBXFileReference; lastKnownFileType = sourcecode.swift; path = Firestore_DemoUITests.swift; sourceTree = "<group>"; };
		50A7FAA72769E8E6001BF59F /* Firestore_DemoUITestsLaunchTests.swift */ = {isa = PBXFileReference; lastKnownFileType = sourcecode.swift; path = Firestore_DemoUITestsLaunchTests.swift; sourceTree = "<group>"; };
/* End PBXFileReference section */

/* Begin PBXFrameworksBuildPhase section */
		50A7FA7E2769E8E5001BF59F /* Frameworks */ = {
			isa = PBXFrameworksBuildPhase;
			buildActionMask = 2147483647;
			files = (
			);
			runOnlyForDeploymentPostprocessing = 0;
		};
		50A7FA942769E8E6001BF59F /* Frameworks */ = {
			isa = PBXFrameworksBuildPhase;
			buildActionMask = 2147483647;
			files = (
			);
			runOnlyForDeploymentPostprocessing = 0;
		};
		50A7FA9E2769E8E6001BF59F /* Frameworks */ = {
			isa = PBXFrameworksBuildPhase;
			buildActionMask = 2147483647;
			files = (
			);
			runOnlyForDeploymentPostprocessing = 0;
		};
/* End PBXFrameworksBuildPhase section */

/* Begin PBXGroup section */
		50A7FA782769E8E5001BF59F = {
			isa = PBXGroup;
			children = (
				50A7FA832769E8E5001BF59F /* Firestore Demo */,
				50A7FA9A2769E8E6001BF59F /* Firestore DemoTests */,
				50A7FAA42769E8E6001BF59F /* Firestore DemoUITests */,
				50A7FA822769E8E5001BF59F /* Products */,
			);
			sourceTree = "<group>";
		};
		50A7FA822769E8E5001BF59F /* Products */ = {
			isa = PBXGroup;
			children = (
				50A7FA812769E8E5001BF59F /* Firestore Demo.app */,
				50A7FA972769E8E6001BF59F /* Firestore DemoTests.xctest */,
				50A7FAA12769E8E6001BF59F /* Firestore DemoUITests.xctest */,
			);
			name = Products;
			sourceTree = "<group>";
		};
		50A7FA832769E8E5001BF59F /* Firestore Demo */ = {
			isa = PBXGroup;
			children = (
				50A7FA842769E8E5001BF59F /* AppDelegate.swift */,
				50A7FA862769E8E5001BF59F /* SceneDelegate.swift */,
				50A7FA882769E8E5001BF59F /* ViewController.swift */,
				50A7FA8A2769E8E5001BF59F /* Main.storyboard */,
				50A7FA8D2769E8E6001BF59F /* Assets.xcassets */,
				50A7FA8F2769E8E6001BF59F /* LaunchScreen.storyboard */,
				50A7FA922769E8E6001BF59F /* Info.plist */,
			);
			path = "Firestore Demo";
			sourceTree = "<group>";
		};
		50A7FA9A2769E8E6001BF59F /* Firestore DemoTests */ = {
			isa = PBXGroup;
			children = (
				50A7FA9B2769E8E6001BF59F /* Firestore_DemoTests.swift */,
			);
			path = "Firestore DemoTests";
			sourceTree = "<group>";
		};
		50A7FAA42769E8E6001BF59F /* Firestore DemoUITests */ = {
			isa = PBXGroup;
			children = (
				50A7FAA52769E8E6001BF59F /* Firestore_DemoUITests.swift */,
				50A7FAA72769E8E6001BF59F /* Firestore_DemoUITestsLaunchTests.swift */,
			);
			path = "Firestore DemoUITests";
			sourceTree = "<group>";
		};
/* End PBXGroup section */

/* Begin PBXNativeTarget section */
		50A7FA802769E8E5001BF59F /* Firestore Demo */ = {
			isa = PBXNativeTarget;
			buildConfigurationList = 50A7FAAB2769E8E6001BF59F /* Build configuration list for PBXNativeTarget "Firestore Demo" */;
			buildPhases = (
				50A7FA7D2769E8E5001BF59F /* Sources */,
				50A7FA7E2769E8E5001BF59F /* Frameworks */,
				50A7FA7F2769E8E5001BF59F /* Resources */,
			);
			buildRules = (
			);
			dependencies = (
			);
			name = "Firestore Demo";
			productName = "Firestore Demo";
			productReference = 50A7FA812769E8E5001BF59F /* Firestore Demo.app */;
			productType = "com.apple.product-type.application";
		};
		50A7FA962769E8E6001BF59F /* Firestore DemoTests */ = {
			isa = PBXNativeTarget;
			buildConfigurationList = 50A7FAAE2769E8E6001BF59F /* Build configuration list for PBXNativeTarget "Firestore DemoTests" */;
			buildPhases = (
				50A7FA932769E8E6001BF59F /* Sources */,
				50A7FA942769E8E6001BF59F /* Frameworks */,
				50A7FA952769E8E6001BF59F /* Resources */,
			);
			buildRules = (
			);
			dependencies = (
				50A7FA992769E8E6001BF59F /* PBXTargetDependency */,
			);
			name = "Firestore DemoTests";
			productName = "Firestore DemoTests";
			productReference = 50A7FA972769E8E6001BF59F /* Firestore DemoTests.xctest */;
			productType = "com.apple.product-type.bundle.unit-test";
		};
		50A7FAA02769E8E6001BF59F /* Firestore DemoUITests */ = {
			isa = PBXNativeTarget;
			buildConfigurationList = 50A7FAB12769E8E6001BF59F /* Build configuration list for PBXNativeTarget "Firestore DemoUITests" */;
			buildPhases = (
				50A7FA9D2769E8E6001BF59F /* Sources */,
				50A7FA9E2769E8E6001BF59F /* Frameworks */,
				50A7FA9F2769E8E6001BF59F /* Resources */,
			);
			buildRules = (
			);
			dependencies = (
				50A7FAA32769E8E6001BF59F /* PBXTargetDependency */,
			);
			name = "Firestore DemoUITests";
			productName = "Firestore DemoUITests";
			productReference = 50A7FAA12769E8E6001BF59F /* Firestore DemoUITests.xctest */;
			productType = "com.apple.product-type.bundle.ui-testing";
		};
/* End PBXNativeTarget section */

/* Begin PBXProject section */
		50A7FA792769E8E5001BF59F /* Project object */ = {
			isa = PBXProject;
			attributes = {
				BuildIndependentTargetsInParallel = 1;
				LastSwiftUpdateCheck = 1320;
				LastUpgradeCheck = 1320;
				TargetAttributes = {
					50A7FA802769E8E5001BF59F = {
						CreatedOnToolsVersion = 13.2;
					};
					50A7FA962769E8E6001BF59F = {
						CreatedOnToolsVersion = 13.2;
						TestTargetID = 50A7FA802769E8E5001BF59F;
					};
					50A7FAA02769E8E6001BF59F = {
						CreatedOnToolsVersion = 13.2;
						TestTargetID = 50A7FA802769E8E5001BF59F;
					};
				};
			};
			buildConfigurationList = 50A7FA7C2769E8E5001BF59F /* Build configuration list for PBXProject "Firestore Demo" */;
			compatibilityVersion = "Xcode 13.0";
			developmentRegion = en;
			hasScannedForEncodings = 0;
			knownRegions = (
				en,
				Base,
			);
			mainGroup = 50A7FA782769E8E5001BF59F;
			productRefGroup = 50A7FA822769E8E5001BF59F /* Products */;
			projectDirPath = "";
			projectRoot = "";
			targets = (
				50A7FA802769E8E5001BF59F /* Firestore Demo */,
				50A7FA962769E8E6001BF59F /* Firestore DemoTests */,
				50A7FAA02769E8E6001BF59F /* Firestore DemoUITests */,
			);
		};
/* End PBXProject section */

/* Begin PBXResourcesBuildPhase section */
		50A7FA7F2769E8E5001BF59F /* Resources */ = {
			isa = PBXResourcesBuildPhase;
			buildActionMask = 2147483647;
			files = (
				50A7FA912769E8E6001BF59F /* LaunchScreen.storyboard in Resources */,
				50A7FA8E2769E8E6001BF59F /* Assets.xcassets in Resources */,
				50A7FA8C2769E8E5001BF59F /* Main.storyboard in Resources */,
			);
			runOnlyForDeploymentPostprocessing = 0;
		};
		50A7FA952769E8E6001BF59F /* Resources */ = {
			isa = PBXResourcesBuildPhase;
			buildActionMask = 2147483647;
			files = (
			);
			runOnlyForDeploymentPostprocessing = 0;
		};
		50A7FA9F2769E8E6001BF59F /* Resources */ = {
			isa = PBXResourcesBuildPhase;
			buildActionMask = 2147483647;
			files = (
			);
			runOnlyForDeploymentPostprocessing = 0;
		};
/* End PBXResourcesBuildPhase section */

/* Begin PBXSourcesBuildPhase section */
		50A7FA7D2769E8E5001BF59F /* Sources */ = {
			isa = PBXSourcesBuildPhase;
			buildActionMask = 2147483647;
			files = (
				50A7FA892769E8E5001BF59F /* ViewController.swift in Sources */,
				50A7FA852769E8E5001BF59F /* AppDelegate.swift in Sources */,
				50A7FA872769E8E5001BF59F /* SceneDelegate.swift in Sources */,
			);
			runOnlyForDeploymentPostprocessing = 0;
		};
		50A7FA932769E8E6001BF59F /* Sources */ = {
			isa = PBXSourcesBuildPhase;
			buildActionMask = 2147483647;
			files = (
				50A7FA9C2769E8E6001BF59F /* Firestore_DemoTests.swift in Sources */,
			);
			runOnlyForDeploymentPostprocessing = 0;
		};
		50A7FA9D2769E8E6001BF59F /* Sources */ = {
			isa = PBXSourcesBuildPhase;
			buildActionMask = 2147483647;
			files = (
				50A7FAA62769E8E6001BF59F /* Firestore_DemoUITests.swift in Sources */,
				50A7FAA82769E8E6001BF59F /* Firestore_DemoUITestsLaunchTests.swift in Sources */,
			);
			runOnlyForDeploymentPostprocessing = 0;
		};
/* End PBXSourcesBuildPhase section */

/* Begin PBXTargetDependency section */
		50A7FA992769E8E6001BF59F /* PBXTargetDependency */ = {
			isa = PBXTargetDependency;
			target = 50A7FA802769E8E5001BF59F /* Firestore Demo */;
			targetProxy = 50A7FA982769E8E6001BF59F /* PBXContainerItemProxy */;
		};
		50A7FAA32769E8E6001BF59F /* PBXTargetDependency */ = {
			isa = PBXTargetDependency;
			target = 50A7FA802769E8E5001BF59F /* Firestore Demo */;
			targetProxy = 50A7FAA22769E8E6001BF59F /* PBXContainerItemProxy */;
		};
/* End PBXTargetDependency section */

/* Begin PBXVariantGroup section */
		50A7FA8A2769E8E5001BF59F /* Main.storyboard */ = {
			isa = PBXVariantGroup;
			children = (
				50A7FA8B2769E8E5001BF59F /* Base */,
			);
			name = Main.storyboard;
			sourceTree = "<group>";
		};
		50A7FA8F2769E8E6001BF59F /* LaunchScreen.storyboard */ = {
			isa = PBXVariantGroup;
			children = (
				50A7FA902769E8E6001BF59F /* Base */,
			);
			name = LaunchScreen.storyboard;
			sourceTree = "<group>";
		};
/* End PBXVariantGroup section */

/* Begin XCBuildConfiguration section */
		50A7FAA92769E8E6001BF59F /* Debug */ = {
			isa = XCBuildConfiguration;
			buildSettings = {
				ALWAYS_SEARCH_USER_PATHS = NO;
				CLANG_ANALYZER_NONNULL = YES;
				CLANG_ANALYZER_NUMBER_OBJECT_CONVERSION = YES_AGGRESSIVE;
				CLANG_CXX_LANGUAGE_STANDARD = "gnu++17";
				CLANG_CXX_LIBRARY = "libc++";
				CLANG_ENABLE_MODULES = YES;
				CLANG_ENABLE_OBJC_ARC = YES;
				CLANG_ENABLE_OBJC_WEAK = YES;
				CLANG_WARN_BLOCK_CAPTURE_AUTORELEASING = YES;
				CLANG_WARN_BOOL_CONVERSION = YES;
				CLANG_WARN_COMMA = YES;
				CLANG_WARN_CONSTANT_CONVERSION = YES;
				CLANG_WARN_DEPRECATED_OBJC_IMPLEMENTATIONS = YES;
				CLANG_WARN_DIRECT_OBJC_ISA_USAGE = YES_ERROR;
				CLANG_WARN_DOCUMENTATION_COMMENTS = YES;
				CLANG_WARN_EMPTY_BODY = YES;
				CLANG_WARN_ENUM_CONVERSION = YES;
				CLANG_WARN_INFINITE_RECURSION = YES;
				CLANG_WARN_INT_CONVERSION = YES;
				CLANG_WARN_NON_LITERAL_NULL_CONVERSION = YES;
				CLANG_WARN_OBJC_IMPLICIT_RETAIN_SELF = YES;
				CLANG_WARN_OBJC_LITERAL_CONVERSION = YES;
				CLANG_WARN_OBJC_ROOT_CLASS = YES_ERROR;
				CLANG_WARN_QUOTED_INCLUDE_IN_FRAMEWORK_HEADER = YES;
				CLANG_WARN_RANGE_LOOP_ANALYSIS = YES;
				CLANG_WARN_STRICT_PROTOTYPES = YES;
				CLANG_WARN_SUSPICIOUS_MOVE = YES;
				CLANG_WARN_UNGUARDED_AVAILABILITY = YES_AGGRESSIVE;
				CLANG_WARN_UNREACHABLE_CODE = YES;
				CLANG_WARN__DUPLICATE_METHOD_MATCH = YES;
				COPY_PHASE_STRIP = NO;
				DEBUG_INFORMATION_FORMAT = dwarf;
				ENABLE_STRICT_OBJC_MSGSEND = YES;
				ENABLE_TESTABILITY = YES;
				GCC_C_LANGUAGE_STANDARD = gnu11;
				GCC_DYNAMIC_NO_PIC = NO;
				GCC_NO_COMMON_BLOCKS = YES;
				GCC_OPTIMIZATION_LEVEL = 0;
				GCC_PREPROCESSOR_DEFINITIONS = (
					"DEBUG=1",
					"$(inherited)",
				);
				GCC_WARN_64_TO_32_BIT_CONVERSION = YES;
				GCC_WARN_ABOUT_RETURN_TYPE = YES_ERROR;
				GCC_WARN_UNDECLARED_SELECTOR = YES;
				GCC_WARN_UNINITIALIZED_AUTOS = YES_AGGRESSIVE;
				GCC_WARN_UNUSED_FUNCTION = YES;
				GCC_WARN_UNUSED_VARIABLE = YES;
				IPHONEOS_DEPLOYMENT_TARGET = 15.2;
				MTL_ENABLE_DEBUG_INFO = INCLUDE_SOURCE;
				MTL_FAST_MATH = YES;
				ONLY_ACTIVE_ARCH = YES;
				SDKROOT = iphoneos;
				SWIFT_ACTIVE_COMPILATION_CONDITIONS = DEBUG;
				SWIFT_OPTIMIZATION_LEVEL = "-Onone";
			};
			name = Debug;
		};
		50A7FAAA2769E8E6001BF59F /* Release */ = {
			isa = XCBuildConfiguration;
			buildSettings = {
				ALWAYS_SEARCH_USER_PATHS = NO;
				CLANG_ANALYZER_NONNULL = YES;
				CLANG_ANALYZER_NUMBER_OBJECT_CONVERSION = YES_AGGRESSIVE;
				CLANG_CXX_LANGUAGE_STANDARD = "gnu++17";
				CLANG_CXX_LIBRARY = "libc++";
				CLANG_ENABLE_MODULES = YES;
				CLANG_ENABLE_OBJC_ARC = YES;
				CLANG_ENABLE_OBJC_WEAK = YES;
				CLANG_WARN_BLOCK_CAPTURE_AUTORELEASING = YES;
				CLANG_WARN_BOOL_CONVERSION = YES;
				CLANG_WARN_COMMA = YES;
				CLANG_WARN_CONSTANT_CONVERSION = YES;
				CLANG_WARN_DEPRECATED_OBJC_IMPLEMENTATIONS = YES;
				CLANG_WARN_DIRECT_OBJC_ISA_USAGE = YES_ERROR;
				CLANG_WARN_DOCUMENTATION_COMMENTS = YES;
				CLANG_WARN_EMPTY_BODY = YES;
				CLANG_WARN_ENUM_CONVERSION = YES;
				CLANG_WARN_INFINITE_RECURSION = YES;
				CLANG_WARN_INT_CONVERSION = YES;
				CLANG_WARN_NON_LITERAL_NULL_CONVERSION = YES;
				CLANG_WARN_OBJC_IMPLICIT_RETAIN_SELF = YES;
				CLANG_WARN_OBJC_LITERAL_CONVERSION = YES;
				CLANG_WARN_OBJC_ROOT_CLASS = YES_ERROR;
				CLANG_WARN_QUOTED_INCLUDE_IN_FRAMEWORK_HEADER = YES;
				CLANG_WARN_RANGE_LOOP_ANALYSIS = YES;
				CLANG_WARN_STRICT_PROTOTYPES = YES;
				CLANG_WARN_SUSPICIOUS_MOVE = YES;
				CLANG_WARN_UNGUARDED_AVAILABILITY = YES_AGGRESSIVE;
				CLANG_WARN_UNREACHABLE_CODE = YES;
				CLANG_WARN__DUPLICATE_METHOD_MATCH = YES;
				COPY_PHASE_STRIP = NO;
				DEBUG_INFORMATION_FORMAT = "dwarf-with-dsym";
				ENABLE_NS_ASSERTIONS = NO;
				ENABLE_STRICT_OBJC_MSGSEND = YES;
				GCC_C_LANGUAGE_STANDARD = gnu11;
				GCC_NO_COMMON_BLOCKS = YES;
				GCC_WARN_64_TO_32_BIT_CONVERSION = YES;
				GCC_WARN_ABOUT_RETURN_TYPE = YES_ERROR;
				GCC_WARN_UNDECLARED_SELECTOR = YES;
				GCC_WARN_UNINITIALIZED_AUTOS = YES_AGGRESSIVE;
				GCC_WARN_UNUSED_FUNCTION = YES;
				GCC_WARN_UNUSED_VARIABLE = YES;
				IPHONEOS_DEPLOYMENT_TARGET = 15.2;
				MTL_ENABLE_DEBUG_INFO = NO;
				MTL_FAST_MATH = YES;
				SDKROOT = iphoneos;
				SWIFT_COMPILATION_MODE = wholemodule;
				SWIFT_OPTIMIZATION_LEVEL = "-O";
				VALIDATE_PRODUCT = YES;
			};
			name = Release;
		};
		50A7FAAC2769E8E6001BF59F /* Debug */ = {
			isa = XCBuildConfiguration;
			buildSettings = {
				ASSETCATALOG_COMPILER_APPICON_NAME = AppIcon;
				ASSETCATALOG_COMPILER_GLOBAL_ACCENT_COLOR_NAME = AccentColor;
				CODE_SIGN_STYLE = Automatic;
				CURRENT_PROJECT_VERSION = 1;
				GENERATE_INFOPLIST_FILE = YES;
				INFOPLIST_FILE = "Firestore Demo/Info.plist";
				INFOPLIST_KEY_UIApplicationSupportsIndirectInputEvents = YES;
				INFOPLIST_KEY_UILaunchStoryboardName = LaunchScreen;
				INFOPLIST_KEY_UIMainStoryboardFile = Main;
				INFOPLIST_KEY_UISupportedInterfaceOrientations_iPad = "UIInterfaceOrientationPortrait UIInterfaceOrientationPortraitUpsideDown UIInterfaceOrientationLandscapeLeft UIInterfaceOrientationLandscapeRight";
				INFOPLIST_KEY_UISupportedInterfaceOrientations_iPhone = "UIInterfaceOrientationPortrait UIInterfaceOrientationLandscapeLeft UIInterfaceOrientationLandscapeRight";
				LD_RUNPATH_SEARCH_PATHS = (
					"$(inherited)",
					"@executable_path/Frameworks",
				);
				MARKETING_VERSION = 1.0;
				PRODUCT_BUNDLE_IDENTIFIER = "kikikakakoko.Firestore-Demo";
				PRODUCT_NAME = "$(TARGET_NAME)";
				SWIFT_EMIT_LOC_STRINGS = YES;
				SWIFT_VERSION = 5.0;
				TARGETED_DEVICE_FAMILY = "1,2";
			};
			name = Debug;
		};
		50A7FAAD2769E8E6001BF59F /* Release */ = {
			isa = XCBuildConfiguration;
			buildSettings = {
				ASSETCATALOG_COMPILER_APPICON_NAME = AppIcon;
				ASSETCATALOG_COMPILER_GLOBAL_ACCENT_COLOR_NAME = AccentColor;
				CODE_SIGN_STYLE = Automatic;
				CURRENT_PROJECT_VERSION = 1;
				GENERATE_INFOPLIST_FILE = YES;
				INFOPLIST_FILE = "Firestore Demo/Info.plist";
				INFOPLIST_KEY_UIApplicationSupportsIndirectInputEvents = YES;
				INFOPLIST_KEY_UILaunchStoryboardName = LaunchScreen;
				INFOPLIST_KEY_UIMainStoryboardFile = Main;
				INFOPLIST_KEY_UISupportedInterfaceOrientations_iPad = "UIInterfaceOrientationPortrait UIInterfaceOrientationPortraitUpsideDown UIInterfaceOrientationLandscapeLeft UIInterfaceOrientationLandscapeRight";
				INFOPLIST_KEY_UISupportedInterfaceOrientations_iPhone = "UIInterfaceOrientationPortrait UIInterfaceOrientationLandscapeLeft UIInterfaceOrientationLandscapeRight";
				LD_RUNPATH_SEARCH_PATHS = (
					"$(inherited)",
					"@executable_path/Frameworks",
				);
				MARKETING_VERSION = 1.0;
				PRODUCT_BUNDLE_IDENTIFIER = "kikikakakoko.Firestore-Demo";
				PRODUCT_NAME = "$(TARGET_NAME)";
				SWIFT_EMIT_LOC_STRINGS = YES;
				SWIFT_VERSION = 5.0;
				TARGETED_DEVICE_FAMILY = "1,2";
			};
			name = Release;
		};
		50A7FAAF2769E8E6001BF59F /* Debug */ = {
			isa = XCBuildConfiguration;
			buildSettings = {
				ALWAYS_EMBED_SWIFT_STANDARD_LIBRARIES = YES;
				BUNDLE_LOADER = "$(TEST_HOST)";
				CODE_SIGN_STYLE = Automatic;
				CURRENT_PROJECT_VERSION = 1;
				GENERATE_INFOPLIST_FILE = YES;
				IPHONEOS_DEPLOYMENT_TARGET = 15.2;
				MARKETING_VERSION = 1.0;
				PRODUCT_BUNDLE_IDENTIFIER = "kikikakakoko.Firestore-DemoTests";
				PRODUCT_NAME = "$(TARGET_NAME)";
				SWIFT_EMIT_LOC_STRINGS = NO;
				SWIFT_VERSION = 5.0;
				TARGETED_DEVICE_FAMILY = "1,2";
				TEST_HOST = "$(BUILT_PRODUCTS_DIR)/Firestore Demo.app/Firestore Demo";
			};
			name = Debug;
		};
		50A7FAB02769E8E6001BF59F /* Release */ = {
			isa = XCBuildConfiguration;
			buildSettings = {
				ALWAYS_EMBED_SWIFT_STANDARD_LIBRARIES = YES;
				BUNDLE_LOADER = "$(TEST_HOST)";
				CODE_SIGN_STYLE = Automatic;
				CURRENT_PROJECT_VERSION = 1;
				GENERATE_INFOPLIST_FILE = YES;
				IPHONEOS_DEPLOYMENT_TARGET = 15.2;
				MARKETING_VERSION = 1.0;
				PRODUCT_BUNDLE_IDENTIFIER = "kikikakakoko.Firestore-DemoTests";
				PRODUCT_NAME = "$(TARGET_NAME)";
				SWIFT_EMIT_LOC_STRINGS = NO;
				SWIFT_VERSION = 5.0;
				TARGETED_DEVICE_FAMILY = "1,2";
				TEST_HOST = "$(BUILT_PRODUCTS_DIR)/Firestore Demo.app/Firestore Demo";
			};
			name = Release;
		};
		50A7FAB22769E8E6001BF59F /* Debug */ = {
			isa = XCBuildConfiguration;
			buildSettings = {
				ALWAYS_EMBED_SWIFT_STANDARD_LIBRARIES = YES;
				CODE_SIGN_STYLE = Automatic;
				CURRENT_PROJECT_VERSION = 1;
				GENERATE_INFOPLIST_FILE = YES;
				MARKETING_VERSION = 1.0;
				PRODUCT_BUNDLE_IDENTIFIER = "kikikakakoko.Firestore-DemoUITests";
				PRODUCT_NAME = "$(TARGET_NAME)";
				SWIFT_EMIT_LOC_STRINGS = NO;
				SWIFT_VERSION = 5.0;
				TARGETED_DEVICE_FAMILY = "1,2";
				TEST_TARGET_NAME = "Firestore Demo";
			};
			name = Debug;
		};
		50A7FAB32769E8E6001BF59F /* Release */ = {
			isa = XCBuildConfiguration;
			buildSettings = {
				ALWAYS_EMBED_SWIFT_STANDARD_LIBRARIES = YES;
				CODE_SIGN_STYLE = Automatic;
				CURRENT_PROJECT_VERSION = 1;
				GENERATE_INFOPLIST_FILE = YES;
				MARKETING_VERSION = 1.0;
				PRODUCT_BUNDLE_IDENTIFIER = "kikikakakoko.Firestore-DemoUITests";
				PRODUCT_NAME = "$(TARGET_NAME)";
				SWIFT_EMIT_LOC_STRINGS = NO;
				SWIFT_VERSION = 5.0;
				TARGETED_DEVICE_FAMILY = "1,2";
				TEST_TARGET_NAME = "Firestore Demo";
			};
			name = Release;
		};
/* End XCBuildConfiguration section */

/* Begin XCConfigurationList section */
		50A7FA7C2769E8E5001BF59F /* Build configuration list for PBXProject "Firestore Demo" */ = {
			isa = XCConfigurationList;
			buildConfigurations = (
				50A7FAA92769E8E6001BF59F /* Debug */,
				50A7FAAA2769E8E6001BF59F /* Release */,
			);
			defaultConfigurationIsVisible = 0;
			defaultConfigurationName = Release;
		};
		50A7FAAB2769E8E6001BF59F /* Build configuration list for PBXNativeTarget "Firestore Demo" */ = {
			isa = XCConfigurationList;
			buildConfigurations = (
				50A7FAAC2769E8E6001BF59F /* Debug */,
				50A7FAAD2769E8E6001BF59F /* Release */,
			);
			defaultConfigurationIsVisible = 0;
			defaultConfigurationName = Release;
		};
		50A7FAAE2769E8E6001BF59F /* Build configuration list for PBXNativeTarget "Firestore DemoTests" */ = {
			isa = XCConfigurationList;
			buildConfigurations = (
				50A7FAAF2769E8E6001BF59F /* Debug */,
				50A7FAB02769E8E6001BF59F /* Release */,
			);
			defaultConfigurationIsVisible = 0;
			defaultConfigurationName = Release;
		};
		50A7FAB12769E8E6001BF59F /* Build configuration list for PBXNativeTarget "Firestore DemoUITests" */ = {
			isa = XCConfigurationList;
			buildConfigurations = (
				50A7FAB22769E8E6001BF59F /* Debug */,
				50A7FAB32769E8E6001BF59F /* Release */,
			);
			defaultConfigurationIsVisible = 0;
			defaultConfigurationName = Release;
		};
/* End XCConfigurationList section */
	};
	rootObject = 50A7FA792769E8E5001BF59F /* Project object */;
}
